PODS:
  - Crashlytics (3.7.2):
    - Fabric (~> 1.6.3)
  - Fabric (1.6.7)
  - Google-Mobile-Ads-SDK (7.8.1)

DEPENDENCIES:
  - Crashlytics
  - Fabric
  - Google-Mobile-Ads-SDK

SPEC CHECKSUMS:
  Crashlytics: 130ab943f8c78cda7a814b434f270b2e2c8a3cba
  Fabric: caf7580c725e64db144f610ac65cd60956911dc7
  Google-Mobile-Ads-SDK: 3c2a6656117989469bfe7645640aa1de024a4c6c

PODFILE CHECKSUM: 3674edc4a4d3e8552456a9bf8fca099f38a42c1a

COCOAPODS: 1.0.1
