// !$*UTF8*$!
{
	archiveVersion = 1;
	classes = {
	};
	objectVersion = 46;
	objects = {

/* Begin PBXBuildFile section */
		3E0112DF14237ED50003B868 /* UIKit.framework in Frameworks */ = {isa = PBXBuildFile; fileRef = 3E0112DE14237ED50003B868 /* UIKit.framework */; };
		3E0112E114237ED50003B868 /* Foundation.framework in Frameworks */ = {isa = PBXBuildFile; fileRef = 3E0112E014237ED50003B868 /* Foundation.framework */; };
		3E0112E314237ED50003B868 /* CoreGraphics.framework in Frameworks */ = {isa = PBXBuildFile; fileRef = 3E0112E214237ED50003B868 /* CoreGraphics.framework */; };
		3E0112E914237ED50003B868 /* InfoPlist.strings in Resources */ = {isa = PBXBuildFile; fileRef = 3E0112E714237ED50003B868 /* InfoPlist.strings */; };
		3E0112FD14237ED60003B868 /* SenTestingKit.framework in Frameworks */ = {isa = PBXBuildFile; fileRef = 3E0112FC14237ED60003B868 /* SenTestingKit.framework */; };
		3E0112FE14237ED60003B868 /* UIKit.framework in Frameworks */ = {isa = PBXBuildFile; fileRef = 3E0112DE14237ED50003B868 /* UIKit.framework */; };
		3E0112FF14237ED60003B868 /* Foundation.framework in Frameworks */ = {isa = PBXBuildFile; fileRef = 3E0112E014237ED50003B868 /* Foundation.framework */; };
		3E01130714237ED60003B868 /* InfoPlist.strings in Resources */ = {isa = PBXBuildFile; fileRef = 3E01130514237ED60003B868 /* InfoPlist.strings */; };
		3E01130A14237ED60003B868 /* ImaKaeruTests.m in Sources */ = {isa = PBXBuildFile; fileRef = 3E01130914237ED60003B868 /* ImaKaeruTests.m */; };
		3E0113151423806E0003B868 /* MainViewController.xib in Resources */ = {isa = PBXBuildFile; fileRef = 3E0113141423806E0003B868 /* MainViewController.xib */; };
		3E01131714242CAD0003B868 /* iAd.framework in Frameworks */ = {isa = PBXBuildFile; fileRef = 3E01131614242CAD0003B868 /* iAd.framework */; };
		3E011334142435990003B868 /* MessageUI.framework in Frameworks */ = {isa = PBXBuildFile; fileRef = 3E011333142435990003B868 /* MessageUI.framework */; };
		3E011336142441800003B868 /* CellWithSwitch.xib in Resources */ = {isa = PBXBuildFile; fileRef = 3E011335142441800003B868 /* CellWithSwitch.xib */; };
		3E418C0E1424D1B4001F37B0 /* SA_OAuthTwitterController.m in Sources */ = {isa = PBXBuildFile; fileRef = 3E418C0B1424D1B4001F37B0 /* SA_OAuthTwitterController.m */; };
		3E418C0F1424D1B4001F37B0 /* SA_OAuthTwitterEngine.m in Sources */ = {isa = PBXBuildFile; fileRef = 3E418C0D1424D1B4001F37B0 /* SA_OAuthTwitterEngine.m */; };
		3E418C311424D1DB001F37B0 /* MGTwitterEngine.m in Sources */ = {isa = PBXBuildFile; fileRef = 3E418C121424D1DB001F37B0 /* MGTwitterEngine.m */; };
		3E418C321424D1DB001F37B0 /* MGTwitterHTTPURLConnection.m in Sources */ = {isa = PBXBuildFile; fileRef = 3E418C161424D1DB001F37B0 /* MGTwitterHTTPURLConnection.m */; };
		3E418C331424D1DB001F37B0 /* MGTwitterLibXMLParser.m in Sources */ = {isa = PBXBuildFile; fileRef = 3E418C181424D1DB001F37B0 /* MGTwitterLibXMLParser.m */; };
		3E418C341424D1DB001F37B0 /* MGTwitterMessagesLibXMLParser.m in Sources */ = {isa = PBXBuildFile; fileRef = 3E418C1A1424D1DB001F37B0 /* MGTwitterMessagesLibXMLParser.m */; };
		3E418C351424D1DB001F37B0 /* MGTwitterMessagesParser.m in Sources */ = {isa = PBXBuildFile; fileRef = 3E418C1C1424D1DB001F37B0 /* MGTwitterMessagesParser.m */; };
		3E418C361424D1DB001F37B0 /* MGTwitterMiscLibXMLParser.m in Sources */ = {isa = PBXBuildFile; fileRef = 3E418C1E1424D1DB001F37B0 /* MGTwitterMiscLibXMLParser.m */; };
		3E418C371424D1DB001F37B0 /* MGTwitterMiscParser.m in Sources */ = {isa = PBXBuildFile; fileRef = 3E418C201424D1DB001F37B0 /* MGTwitterMiscParser.m */; };
		3E418C381424D1DB001F37B0 /* MGTwitterStatusesLibXMLParser.m in Sources */ = {isa = PBXBuildFile; fileRef = 3E418C241424D1DB001F37B0 /* MGTwitterStatusesLibXMLParser.m */; };
		3E418C391424D1DB001F37B0 /* MGTwitterStatusesParser.m in Sources */ = {isa = PBXBuildFile; fileRef = 3E418C261424D1DB001F37B0 /* MGTwitterStatusesParser.m */; };
		3E418C3A1424D1DB001F37B0 /* MGTwitterUsersLibXMLParser.m in Sources */ = {isa = PBXBuildFile; fileRef = 3E418C281424D1DB001F37B0 /* MGTwitterUsersLibXMLParser.m */; };
		3E418C3B1424D1DB001F37B0 /* MGTwitterUsersParser.m in Sources */ = {isa = PBXBuildFile; fileRef = 3E418C2A1424D1DB001F37B0 /* MGTwitterUsersParser.m */; };
		3E418C3C1424D1DB001F37B0 /* MGTwitterXMLParser.m in Sources */ = {isa = PBXBuildFile; fileRef = 3E418C2C1424D1DB001F37B0 /* MGTwitterXMLParser.m */; };
		3E418C3D1424D1DB001F37B0 /* NSData+Base64.m in Sources */ = {isa = PBXBuildFile; fileRef = 3E418C2E1424D1DB001F37B0 /* NSData+Base64.m */; };
		3E418C3E1424D1DB001F37B0 /* NSString+UUID.m in Sources */ = {isa = PBXBuildFile; fileRef = 3E418C301424D1DB001F37B0 /* NSString+UUID.m */; };
		3E50588F142592F700D2FFB8 /* AppDelegate.m in Sources */ = {isa = PBXBuildFile; fileRef = 3E505882142592F700D2FFB8 /* AppDelegate.m */; };
		3E505890142592F700D2FFB8 /* CellWithSwitch.m in Sources */ = {isa = PBXBuildFile; fileRef = 3E505884142592F700D2FFB8 /* CellWithSwitch.m */; };
		3E505891142592F700D2FFB8 /* CellWithText.m in Sources */ = {isa = PBXBuildFile; fileRef = 3E505886142592F700D2FFB8 /* CellWithText.m */; };
		3E505892142592F700D2FFB8 /* Config.m in Sources */ = {isa = PBXBuildFile; fileRef = 3E505888142592F700D2FFB8 /* Config.m */; };
		3E505893142592F700D2FFB8 /* ConfigViewController.m in Sources */ = {isa = PBXBuildFile; fileRef = 3E50588A142592F700D2FFB8 /* ConfigViewController.m */; };
		3E505894142592F700D2FFB8 /* main.m in Sources */ = {isa = PBXBuildFile; fileRef = 3E50588B142592F700D2FFB8 /* main.m */; };
		3E505895142592F700D2FFB8 /* MainViewController.m in Sources */ = {isa = PBXBuildFile; fileRef = 3E50588D142592F700D2FFB8 /* MainViewController.m */; };
		3EDE02E6142468AD00490D47 /* CellWithText.xib in Resources */ = {isa = PBXBuildFile; fileRef = 3EDE02E5142468AD00490D47 /* CellWithText.xib */; };
		3EE691011424DAF100215A36 /* libxml2.dylib in Frameworks */ = {isa = PBXBuildFile; fileRef = 3EE691001424DAF100215A36 /* libxml2.dylib */; };
		3EE6911F1424E1A500215A36 /* NSMutableURLRequest+Parameters.m in Sources */ = {isa = PBXBuildFile; fileRef = 3EE691041424E1A500215A36 /* NSMutableURLRequest+Parameters.m */; };
		3EE691201424E1A500215A36 /* NSString+URLEncoding.m in Sources */ = {isa = PBXBuildFile; fileRef = 3EE691061424E1A500215A36 /* NSString+URLEncoding.m */; };
		3EE691211424E1A500215A36 /* NSURL+Base.m in Sources */ = {isa = PBXBuildFile; fileRef = 3EE691081424E1A500215A36 /* NSURL+Base.m */; };
		3EE691221424E1A500215A36 /* OAAsynchronousDataFetcher.m in Sources */ = {isa = PBXBuildFile; fileRef = 3EE6910A1424E1A500215A36 /* OAAsynchronousDataFetcher.m */; };
		3EE691231424E1A500215A36 /* OAConsumer.m in Sources */ = {isa = PBXBuildFile; fileRef = 3EE6910C1424E1A500215A36 /* OAConsumer.m */; };
		3EE691241424E1A500215A36 /* OADataFetcher.m in Sources */ = {isa = PBXBuildFile; fileRef = 3EE6910E1424E1A500215A36 /* OADataFetcher.m */; };
		3EE691251424E1A500215A36 /* OAHMAC_SHA1SignatureProvider.m in Sources */ = {isa = PBXBuildFile; fileRef = 3EE691101424E1A500215A36 /* OAHMAC_SHA1SignatureProvider.m */; };
		3EE691261424E1A500215A36 /* OAMutableURLRequest.m in Sources */ = {isa = PBXBuildFile; fileRef = 3EE691121424E1A500215A36 /* OAMutableURLRequest.m */; };
		3EE691271424E1A500215A36 /* OAPlaintextSignatureProvider.m in Sources */ = {isa = PBXBuildFile; fileRef = 3EE691141424E1A500215A36 /* OAPlaintextSignatureProvider.m */; };
		3EE691281424E1A500215A36 /* OARequestParameter.m in Sources */ = {isa = PBXBuildFile; fileRef = 3EE691161424E1A500215A36 /* OARequestParameter.m */; };
		3EE691291424E1A500215A36 /* OAServiceTicket.m in Sources */ = {isa = PBXBuildFile; fileRef = 3EE691181424E1A500215A36 /* OAServiceTicket.m */; };
		3EE6912B1424E1A500215A36 /* OAToken.m in Sources */ = {isa = PBXBuildFile; fileRef = 3EE6911D1424E1A500215A36 /* OAToken.m */; };
		3EE691331424E1CA00215A36 /* Base64Transcoder.c in Sources */ = {isa = PBXBuildFile; fileRef = 3EE6912D1424E1CA00215A36 /* Base64Transcoder.c */; };
		3EE691341424E1CA00215A36 /* hmac.c in Sources */ = {isa = PBXBuildFile; fileRef = 3EE6912F1424E1CA00215A36 /* hmac.c */; };
		3EE691351424E1CA00215A36 /* sha1.c in Sources */ = {isa = PBXBuildFile; fileRef = 3EE691311424E1CA00215A36 /* sha1.c */; };
		3EE691371424E43100215A36 /* Security.framework in Frameworks */ = {isa = PBXBuildFile; fileRef = 3EE691361424E43100215A36 /* Security.framework */; };
/* End PBXBuildFile section */

/* Begin PBXContainerItemProxy section */
		3E01130014237ED60003B868 /* PBXContainerItemProxy */ = {
			isa = PBXContainerItemProxy;
			containerPortal = 3E0112D114237ED50003B868 /* Project object */;
			proxyType = 1;
			remoteGlobalIDString = 3E0112D914237ED50003B868;
			remoteInfo = ImaKaeru;
		};
/* End PBXContainerItemProxy section */

/* Begin PBXFileReference section */
		3E0112DA14237ED50003B868 /* ImaKaeru.app */ = {isa = PBXFileReference; explicitFileType = wrapper.application; includeInIndex = 0; path = ImaKaeru.app; sourceTree = BUILT_PRODUCTS_DIR; };
		3E0112DE14237ED50003B868 /* UIKit.framework */ = {isa = PBXFileReference; lastKnownFileType = wrapper.framework; name = UIKit.framework; path = System/Library/Frameworks/UIKit.framework; sourceTree = SDKROOT; };
		3E0112E014237ED50003B868 /* Foundation.framework */ = {isa = PBXFileReference; lastKnownFileType = wrapper.framework; name = Foundation.framework; path = System/Library/Frameworks/Foundation.framework; sourceTree = SDKROOT; };
		3E0112E214237ED50003B868 /* CoreGraphics.framework */ = {isa = PBXFileReference; lastKnownFileType = wrapper.framework; name = CoreGraphics.framework; path = System/Library/Frameworks/CoreGraphics.framework; sourceTree = SDKROOT; };
		3E0112E614237ED50003B868 /* ImaKaeru-Info.plist */ = {isa = PBXFileReference; lastKnownFileType = text.plist.xml; path = "ImaKaeru-Info.plist"; sourceTree = "<group>"; };
		3E0112E814237ED50003B868 /* en */ = {isa = PBXFileReference; lastKnownFileType = text.plist.strings; name = en; path = en.lproj/InfoPlist.strings; sourceTree = "<group>"; };
		3E0112EC14237ED50003B868 /* ImaKaeru-Prefix.pch */ = {isa = PBXFileReference; lastKnownFileType = sourcecode.c.h; path = "ImaKaeru-Prefix.pch"; sourceTree = "<group>"; };
		3E0112FB14237ED60003B868 /* ImaKaeruTests.octest */ = {isa = PBXFileReference; explicitFileType = wrapper.cfbundle; includeInIndex = 0; path = ImaKaeruTests.octest; sourceTree = BUILT_PRODUCTS_DIR; };
		3E0112FC14237ED60003B868 /* SenTestingKit.framework */ = {isa = PBXFileReference; lastKnownFileType = wrapper.framework; name = SenTestingKit.framework; path = Library/Frameworks/SenTestingKit.framework; sourceTree = DEVELOPER_DIR; };
		3E01130414237ED60003B868 /* ImaKaeruTests-Info.plist */ = {isa = PBXFileReference; lastKnownFileType = text.plist.xml; path = "ImaKaeruTests-Info.plist"; sourceTree = "<group>"; };
		3E01130614237ED60003B868 /* en */ = {isa = PBXFileReference; lastKnownFileType = text.plist.strings; name = en; path = en.lproj/InfoPlist.strings; sourceTree = "<group>"; };
		3E01130814237ED60003B868 /* ImaKaeruTests.h */ = {isa = PBXFileReference; lastKnownFileType = sourcecode.c.h; path = ImaKaeruTests.h; sourceTree = "<group>"; };
		3E01130914237ED60003B868 /* ImaKaeruTests.m */ = {isa = PBXFileReference; lastKnownFileType = sourcecode.c.objc; path = ImaKaeruTests.m; sourceTree = "<group>"; };
		3E0113141423806E0003B868 /* MainViewController.xib */ = {isa = PBXFileReference; fileEncoding = 4; lastKnownFileType = file.xib; path = MainViewController.xib; sourceTree = "<group>"; };
		3E01131614242CAD0003B868 /* iAd.framework */ = {isa = PBXFileReference; lastKnownFileType = wrapper.framework; name = iAd.framework; path = System/Library/Frameworks/iAd.framework; sourceTree = SDKROOT; };
		3E011333142435990003B868 /* MessageUI.framework */ = {isa = PBXFileReference; lastKnownFileType = wrapper.framework; name = MessageUI.framework; path = System/Library/Frameworks/MessageUI.framework; sourceTree = SDKROOT; };
		3E011335142441800003B868 /* CellWithSwitch.xib */ = {isa = PBXFileReference; fileEncoding = 4; lastKnownFileType = file.xib; path = CellWithSwitch.xib; sourceTree = "<group>"; };
		3E418C0A1424D1B4001F37B0 /* SA_OAuthTwitterController.h */ = {isa = PBXFileReference; fileEncoding = 4; lastKnownFileType = sourcecode.c.h; path = SA_OAuthTwitterController.h; sourceTree = "<group>"; };
		3E418C0B1424D1B4001F37B0 /* SA_OAuthTwitterController.m */ = {isa = PBXFileReference; fileEncoding = 4; lastKnownFileType = sourcecode.c.objc; path = SA_OAuthTwitterController.m; sourceTree = "<group>"; };
		3E418C0C1424D1B4001F37B0 /* SA_OAuthTwitterEngine.h */ = {isa = PBXFileReference; fileEncoding = 4; lastKnownFileType = sourcecode.c.h; path = SA_OAuthTwitterEngine.h; sourceTree = "<group>"; };
		3E418C0D1424D1B4001F37B0 /* SA_OAuthTwitterEngine.m */ = {isa = PBXFileReference; fileEncoding = 4; lastKnownFileType = sourcecode.c.objc; path = SA_OAuthTwitterEngine.m; sourceTree = "<group>"; };
		3E418C111424D1DB001F37B0 /* MGTwitterEngine.h */ = {isa = PBXFileReference; fileEncoding = 4; lastKnownFileType = sourcecode.c.h; path = MGTwitterEngine.h; sourceTree = "<group>"; };
		3E418C121424D1DB001F37B0 /* MGTwitterEngine.m */ = {isa = PBXFileReference; fileEncoding = 4; lastKnownFileType = sourcecode.c.objc; path = MGTwitterEngine.m; sourceTree = "<group>"; };
		3E418C131424D1DB001F37B0 /* MGTwitterEngineDelegate.h */ = {isa = PBXFileReference; fileEncoding = 4; lastKnownFileType = sourcecode.c.h; path = MGTwitterEngineDelegate.h; sourceTree = "<group>"; };
		3E418C141424D1DB001F37B0 /* MGTwitterEngineGlobalHeader.h */ = {isa = PBXFileReference; fileEncoding = 4; lastKnownFileType = sourcecode.c.h; path = MGTwitterEngineGlobalHeader.h; sourceTree = "<group>"; };
		3E418C151424D1DB001F37B0 /* MGTwitterHTTPURLConnection.h */ = {isa = PBXFileReference; fileEncoding = 4; lastKnownFileType = sourcecode.c.h; path = MGTwitterHTTPURLConnection.h; sourceTree = "<group>"; };
		3E418C161424D1DB001F37B0 /* MGTwitterHTTPURLConnection.m */ = {isa = PBXFileReference; fileEncoding = 4; lastKnownFileType = sourcecode.c.objc; path = MGTwitterHTTPURLConnection.m; sourceTree = "<group>"; };
		3E418C171424D1DB001F37B0 /* MGTwitterLibXMLParser.h */ = {isa = PBXFileReference; fileEncoding = 4; lastKnownFileType = sourcecode.c.h; path = MGTwitterLibXMLParser.h; sourceTree = "<group>"; };
		3E418C181424D1DB001F37B0 /* MGTwitterLibXMLParser.m */ = {isa = PBXFileReference; fileEncoding = 4; lastKnownFileType = sourcecode.c.objc; path = MGTwitterLibXMLParser.m; sourceTree = "<group>"; };
		3E418C191424D1DB001F37B0 /* MGTwitterMessagesLibXMLParser.h */ = {isa = PBXFileReference; fileEncoding = 4; lastKnownFileType = sourcecode.c.h; path = MGTwitterMessagesLibXMLParser.h; sourceTree = "<group>"; };
		3E418C1A1424D1DB001F37B0 /* MGTwitterMessagesLibXMLParser.m */ = {isa = PBXFileReference; fileEncoding = 4; lastKnownFileType = sourcecode.c.objc; path = MGTwitterMessagesLibXMLParser.m; sourceTree = "<group>"; };
		3E418C1B1424D1DB001F37B0 /* MGTwitterMessagesParser.h */ = {isa = PBXFileReference; fileEncoding = 4; lastKnownFileType = sourcecode.c.h; path = MGTwitterMessagesParser.h; sourceTree = "<group>"; };
		3E418C1C1424D1DB001F37B0 /* MGTwitterMessagesParser.m */ = {isa = PBXFileReference; fileEncoding = 4; lastKnownFileType = sourcecode.c.objc; path = MGTwitterMessagesParser.m; sourceTree = "<group>"; };
		3E418C1D1424D1DB001F37B0 /* MGTwitterMiscLibXMLParser.h */ = {isa = PBXFileReference; fileEncoding = 4; lastKnownFileType = sourcecode.c.h; path = MGTwitterMiscLibXMLParser.h; sourceTree = "<group>"; };
		3E418C1E1424D1DB001F37B0 /* MGTwitterMiscLibXMLParser.m */ = {isa = PBXFileReference; fileEncoding = 4; lastKnownFileType = sourcecode.c.objc; path = MGTwitterMiscLibXMLParser.m; sourceTree = "<group>"; };
		3E418C1F1424D1DB001F37B0 /* MGTwitterMiscParser.h */ = {isa = PBXFileReference; fileEncoding = 4; lastKnownFileType = sourcecode.c.h; path = MGTwitterMiscParser.h; sourceTree = "<group>"; };
		3E418C201424D1DB001F37B0 /* MGTwitterMiscParser.m */ = {isa = PBXFileReference; fileEncoding = 4; lastKnownFileType = sourcecode.c.objc; path = MGTwitterMiscParser.m; sourceTree = "<group>"; };
		3E418C211424D1DB001F37B0 /* MGTwitterParserDelegate.h */ = {isa = PBXFileReference; fileEncoding = 4; lastKnownFileType = sourcecode.c.h; path = MGTwitterParserDelegate.h; sourceTree = "<group>"; };
		3E418C221424D1DB001F37B0 /* MGTwitterRequestTypes.h */ = {isa = PBXFileReference; fileEncoding = 4; lastKnownFileType = sourcecode.c.h; path = MGTwitterRequestTypes.h; sourceTree = "<group>"; };
		3E418C231424D1DB001F37B0 /* MGTwitterStatusesLibXMLParser.h */ = {isa = PBXFileReference; fileEncoding = 4; lastKnownFileType = sourcecode.c.h; path = MGTwitterStatusesLibXMLParser.h; sourceTree = "<group>"; };
		3E418C241424D1DB001F37B0 /* MGTwitterStatusesLibXMLParser.m */ = {isa = PBXFileReference; fileEncoding = 4; lastKnownFileType = sourcecode.c.objc; path = MGTwitterStatusesLibXMLParser.m; sourceTree = "<group>"; };
		3E418C251424D1DB001F37B0 /* MGTwitterStatusesParser.h */ = {isa = PBXFileReference; fileEncoding = 4; lastKnownFileType = sourcecode.c.h; path = MGTwitterStatusesParser.h; sourceTree = "<group>"; };
		3E418C261424D1DB001F37B0 /* MGTwitterStatusesParser.m */ = {isa = PBXFileReference; fileEncoding = 4; lastKnownFileType = sourcecode.c.objc; path = MGTwitterStatusesParser.m; sourceTree = "<group>"; };
		3E418C271424D1DB001F37B0 /* MGTwitterUsersLibXMLParser.h */ = {isa = PBXFileReference; fileEncoding = 4; lastKnownFileType = sourcecode.c.h; path = MGTwitterUsersLibXMLParser.h; sourceTree = "<group>"; };
		3E418C281424D1DB001F37B0 /* MGTwitterUsersLibXMLParser.m */ = {isa = PBXFileReference; fileEncoding = 4; lastKnownFileType = sourcecode.c.objc; path = MGTwitterUsersLibXMLParser.m; sourceTree = "<group>"; };
		3E418C291424D1DB001F37B0 /* MGTwitterUsersParser.h */ = {isa = PBXFileReference; fileEncoding = 4; lastKnownFileType = sourcecode.c.h; path = MGTwitterUsersParser.h; sourceTree = "<group>"; };
		3E418C2A1424D1DB001F37B0 /* MGTwitterUsersParser.m */ = {isa = PBXFileReference; fileEncoding = 4; lastKnownFileType = sourcecode.c.objc; path = MGTwitterUsersParser.m; sourceTree = "<group>"; };
		3E418C2B1424D1DB001F37B0 /* MGTwitterXMLParser.h */ = {isa = PBXFileReference; fileEncoding = 4; lastKnownFileType = sourcecode.c.h; path = MGTwitterXMLParser.h; sourceTree = "<group>"; };
		3E418C2C1424D1DB001F37B0 /* MGTwitterXMLParser.m */ = {isa = PBXFileReference; fileEncoding = 4; lastKnownFileType = sourcecode.c.objc; path = MGTwitterXMLParser.m; sourceTree = "<group>"; };
		3E418C2D1424D1DB001F37B0 /* NSData+Base64.h */ = {isa = PBXFileReference; fileEncoding = 4; lastKnownFileType = sourcecode.c.h; path = "NSData+Base64.h"; sourceTree = "<group>"; };
		3E418C2E1424D1DB001F37B0 /* NSData+Base64.m */ = {isa = PBXFileReference; fileEncoding = 4; lastKnownFileType = sourcecode.c.objc; path = "NSData+Base64.m"; sourceTree = "<group>"; };
		3E418C2F1424D1DB001F37B0 /* NSString+UUID.h */ = {isa = PBXFileReference; fileEncoding = 4; lastKnownFileType = sourcecode.c.h; path = "NSString+UUID.h"; sourceTree = "<group>"; };
		3E418C301424D1DB001F37B0 /* NSString+UUID.m */ = {isa = PBXFileReference; fileEncoding = 4; lastKnownFileType = sourcecode.c.objc; path = "NSString+UUID.m"; sourceTree = "<group>"; };
		3E505881142592F700D2FFB8 /* AppDelegate.h */ = {isa = PBXFileReference; fileEncoding = 4; lastKnownFileType = sourcecode.c.h; path = AppDelegate.h; sourceTree = "<group>"; };
		3E505882142592F700D2FFB8 /* AppDelegate.m */ = {isa = PBXFileReference; fileEncoding = 4; lastKnownFileType = sourcecode.c.objc; path = AppDelegate.m; sourceTree = "<group>"; };
		3E505883142592F700D2FFB8 /* CellWithSwitch.h */ = {isa = PBXFileReference; fileEncoding = 4; lastKnownFileType = sourcecode.c.h; path = CellWithSwitch.h; sourceTree = "<group>"; };
		3E505884142592F700D2FFB8 /* CellWithSwitch.m */ = {isa = PBXFileReference; fileEncoding = 4; lastKnownFileType = sourcecode.c.objc; path = CellWithSwitch.m; sourceTree = "<group>"; };
		3E505885142592F700D2FFB8 /* CellWithText.h */ = {isa = PBXFileReference; fileEncoding = 4; lastKnownFileType = sourcecode.c.h; path = CellWithText.h; sourceTree = "<group>"; };
		3E505886142592F700D2FFB8 /* CellWithText.m */ = {isa = PBXFileReference; fileEncoding = 4; lastKnownFileType = sourcecode.c.objc; path = CellWithText.m; sourceTree = "<group>"; };
		3E505887142592F700D2FFB8 /* Config.h */ = {isa = PBXFileReference; fileEncoding = 4; lastKnownFileType = sourcecode.c.h; path = Config.h; sourceTree = "<group>"; };
		3E505888142592F700D2FFB8 /* Config.m */ = {isa = PBXFileReference; fileEncoding = 4; lastKnownFileType = sourcecode.c.objc; path = Config.m; sourceTree = "<group>"; };
		3E505889142592F700D2FFB8 /* ConfigViewController.h */ = {isa = PBXFileReference; fileEncoding = 4; lastKnownFileType = sourcecode.c.h; path = ConfigViewController.h; sourceTree = "<group>"; };
		3E50588A142592F700D2FFB8 /* ConfigViewController.m */ = {isa = PBXFileReference; fileEncoding = 4; lastKnownFileType = sourcecode.c.objc; path = ConfigViewController.m; sourceTree = "<group>"; };
		3E50588B142592F700D2FFB8 /* main.m */ = {isa = PBXFileReference; fileEncoding = 4; lastKnownFileType = sourcecode.c.objc; name = main.m; path = Classes/main.m; sourceTree = "<group>"; };
		3E50588C142592F700D2FFB8 /* MainViewController.h */ = {isa = PBXFileReference; fileEncoding = 4; lastKnownFileType = sourcecode.c.h; path = MainViewController.h; sourceTree = "<group>"; };
		3E50588D142592F700D2FFB8 /* MainViewController.m */ = {isa = PBXFileReference; fileEncoding = 4; lastKnownFileType = sourcecode.c.objc; path = MainViewController.m; sourceTree = "<group>"; };
		3E50588E142592F700D2FFB8 /* TwitterSecret.h */ = {isa = PBXFileReference; fileEncoding = 4; lastKnownFileType = sourcecode.c.h; path = TwitterSecret.h; sourceTree = "<group>"; };
		3EDE02E5142468AD00490D47 /* CellWithText.xib */ = {isa = PBXFileReference; fileEncoding = 4; lastKnownFileType = file.xib; path = CellWithText.xib; sourceTree = "<group>"; };
		3EE691001424DAF100215A36 /* libxml2.dylib */ = {isa = PBXFileReference; lastKnownFileType = "compiled.mach-o.dylib"; name = libxml2.dylib; path = usr/lib/libxml2.dylib; sourceTree = SDKROOT; };
		3EE691031424E1A500215A36 /* NSMutableURLRequest+Parameters.h */ = {isa = PBXFileReference; fileEncoding = 4; lastKnownFileType = sourcecode.c.h; path = "NSMutableURLRequest+Parameters.h"; sourceTree = "<group>"; };
		3EE691041424E1A500215A36 /* NSMutableURLRequest+Parameters.m */ = {isa = PBXFileReference; fileEncoding = 4; lastKnownFileType = sourcecode.c.objc; path = "NSMutableURLRequest+Parameters.m"; sourceTree = "<group>"; };
		3EE691051424E1A500215A36 /* NSString+URLEncoding.h */ = {isa = PBXFileReference; fileEncoding = 4; lastKnownFileType = sourcecode.c.h; path = "NSString+URLEncoding.h"; sourceTree = "<group>"; };
		3EE691061424E1A500215A36 /* NSString+URLEncoding.m */ = {isa = PBXFileReference; fileEncoding = 4; lastKnownFileType = sourcecode.c.objc; path = "NSString+URLEncoding.m"; sourceTree = "<group>"; };
		3EE691071424E1A500215A36 /* NSURL+Base.h */ = {isa = PBXFileReference; fileEncoding = 4; lastKnownFileType = sourcecode.c.h; path = "NSURL+Base.h"; sourceTree = "<group>"; };
		3EE691081424E1A500215A36 /* NSURL+Base.m */ = {isa = PBXFileReference; fileEncoding = 4; lastKnownFileType = sourcecode.c.objc; path = "NSURL+Base.m"; sourceTree = "<group>"; };
		3EE691091424E1A500215A36 /* OAAsynchronousDataFetcher.h */ = {isa = PBXFileReference; fileEncoding = 4; lastKnownFileType = sourcecode.c.h; path = OAAsynchronousDataFetcher.h; sourceTree = "<group>"; };
		3EE6910A1424E1A500215A36 /* OAAsynchronousDataFetcher.m */ = {isa = PBXFileReference; fileEncoding = 4; lastKnownFileType = sourcecode.c.objc; path = OAAsynchronousDataFetcher.m; sourceTree = "<group>"; };
		3EE6910B1424E1A500215A36 /* OAConsumer.h */ = {isa = PBXFileReference; fileEncoding = 4; lastKnownFileType = sourcecode.c.h; path = OAConsumer.h; sourceTree = "<group>"; };
		3EE6910C1424E1A500215A36 /* OAConsumer.m */ = {isa = PBXFileReference; fileEncoding = 4; lastKnownFileType = sourcecode.c.objc; path = OAConsumer.m; sourceTree = "<group>"; };
		3EE6910D1424E1A500215A36 /* OADataFetcher.h */ = {isa = PBXFileReference; fileEncoding = 4; lastKnownFileType = sourcecode.c.h; path = OADataFetcher.h; sourceTree = "<group>"; };
		3EE6910E1424E1A500215A36 /* OADataFetcher.m */ = {isa = PBXFileReference; fileEncoding = 4; lastKnownFileType = sourcecode.c.objc; path = OADataFetcher.m; sourceTree = "<group>"; };
		3EE6910F1424E1A500215A36 /* OAHMAC_SHA1SignatureProvider.h */ = {isa = PBXFileReference; fileEncoding = 4; lastKnownFileType = sourcecode.c.h; path = OAHMAC_SHA1SignatureProvider.h; sourceTree = "<group>"; };
		3EE691101424E1A500215A36 /* OAHMAC_SHA1SignatureProvider.m */ = {isa = PBXFileReference; fileEncoding = 4; lastKnownFileType = sourcecode.c.objc; path = OAHMAC_SHA1SignatureProvider.m; sourceTree = "<group>"; };
		3EE691111424E1A500215A36 /* OAMutableURLRequest.h */ = {isa = PBXFileReference; fileEncoding = 4; lastKnownFileType = sourcecode.c.h; path = OAMutableURLRequest.h; sourceTree = "<group>"; };
		3EE691121424E1A500215A36 /* OAMutableURLRequest.m */ = {isa = PBXFileReference; fileEncoding = 4; lastKnownFileType = sourcecode.c.objc; path = OAMutableURLRequest.m; sourceTree = "<group>"; };
		3EE691131424E1A500215A36 /* OAPlaintextSignatureProvider.h */ = {isa = PBXFileReference; fileEncoding = 4; lastKnownFileType = sourcecode.c.h; path = OAPlaintextSignatureProvider.h; sourceTree = "<group>"; };
		3EE691141424E1A500215A36 /* OAPlaintextSignatureProvider.m */ = {isa = PBXFileReference; fileEncoding = 4; lastKnownFileType = sourcecode.c.objc; path = OAPlaintextSignatureProvider.m; sourceTree = "<group>"; };
		3EE691151424E1A500215A36 /* OARequestParameter.h */ = {isa = PBXFileReference; fileEncoding = 4; lastKnownFileType = sourcecode.c.h; path = OARequestParameter.h; sourceTree = "<group>"; };
		3EE691161424E1A500215A36 /* OARequestParameter.m */ = {isa = PBXFileReference; fileEncoding = 4; lastKnownFileType = sourcecode.c.objc; path = OARequestParameter.m; sourceTree = "<group>"; };
		3EE691171424E1A500215A36 /* OAServiceTicket.h */ = {isa = PBXFileReference; fileEncoding = 4; lastKnownFileType = sourcecode.c.h; path = OAServiceTicket.h; sourceTree = "<group>"; };
		3EE691181424E1A500215A36 /* OAServiceTicket.m */ = {isa = PBXFileReference; fileEncoding = 4; lastKnownFileType = sourcecode.c.objc; path = OAServiceTicket.m; sourceTree = "<group>"; };
		3EE691191424E1A500215A36 /* OASignatureProviding.h */ = {isa = PBXFileReference; fileEncoding = 4; lastKnownFileType = sourcecode.c.h; path = OASignatureProviding.h; sourceTree = "<group>"; };
		3EE6911C1424E1A500215A36 /* OAToken.h */ = {isa = PBXFileReference; fileEncoding = 4; lastKnownFileType = sourcecode.c.h; path = OAToken.h; sourceTree = "<group>"; };
		3EE6911D1424E1A500215A36 /* OAToken.m */ = {isa = PBXFileReference; fileEncoding = 4; lastKnownFileType = sourcecode.c.objc; path = OAToken.m; sourceTree = "<group>"; };
		3EE6911E1424E1A500215A36 /* OAuthConsumer.h */ = {isa = PBXFileReference; fileEncoding = 4; lastKnownFileType = sourcecode.c.h; path = OAuthConsumer.h; sourceTree = "<group>"; };
		3EE6912D1424E1CA00215A36 /* Base64Transcoder.c */ = {isa = PBXFileReference; fileEncoding = 4; lastKnownFileType = sourcecode.c.c; path = Base64Transcoder.c; sourceTree = "<group>"; };
		3EE6912E1424E1CA00215A36 /* Base64Transcoder.h */ = {isa = PBXFileReference; fileEncoding = 4; lastKnownFileType = sourcecode.c.h; path = Base64Transcoder.h; sourceTree = "<group>"; };
		3EE6912F1424E1CA00215A36 /* hmac.c */ = {isa = PBXFileReference; fileEncoding = 4; lastKnownFileType = sourcecode.c.c; path = hmac.c; sourceTree = "<group>"; };
		3EE691301424E1CA00215A36 /* hmac.h */ = {isa = PBXFileReference; fileEncoding = 4; lastKnownFileType = sourcecode.c.h; path = hmac.h; sourceTree = "<group>"; };
		3EE691311424E1CA00215A36 /* sha1.c */ = {isa = PBXFileReference; fileEncoding = 4; lastKnownFileType = sourcecode.c.c; path = sha1.c; sourceTree = "<group>"; };
		3EE691321424E1CA00215A36 /* sha1.h */ = {isa = PBXFileReference; fileEncoding = 4; lastKnownFileType = sourcecode.c.h; path = sha1.h; sourceTree = "<group>"; };
		3EE691361424E43100215A36 /* Security.framework */ = {isa = PBXFileReference; lastKnownFileType = wrapper.framework; name = Security.framework; path = System/Library/Frameworks/Security.framework; sourceTree = SDKROOT; };
/* End PBXFileReference section */

/* Begin PBXFrameworksBuildPhase section */
		3E0112D714237ED50003B868 /* Frameworks */ = {
			isa = PBXFrameworksBuildPhase;
			buildActionMask = 2147483647;
			files = (
				3EE691371424E43100215A36 /* Security.framework in Frameworks */,
				3EE691011424DAF100215A36 /* libxml2.dylib in Frameworks */,
				3E011334142435990003B868 /* MessageUI.framework in Frameworks */,
				3E01131714242CAD0003B868 /* iAd.framework in Frameworks */,
				3E0112DF14237ED50003B868 /* UIKit.framework in Frameworks */,
				3E0112E114237ED50003B868 /* Foundation.framework in Frameworks */,
				3E0112E314237ED50003B868 /* CoreGraphics.framework in Frameworks */,
			);
			runOnlyForDeploymentPostprocessing = 0;
		};
		3E0112F714237ED60003B868 /* Frameworks */ = {
			isa = PBXFrameworksBuildPhase;
			buildActionMask = 2147483647;
			files = (
				3E0112FD14237ED60003B868 /* SenTestingKit.framework in Frameworks */,
				3E0112FE14237ED60003B868 /* UIKit.framework in Frameworks */,
				3E0112FF14237ED60003B868 /* Foundation.framework in Frameworks */,
			);
			runOnlyForDeploymentPostprocessing = 0;
		};
/* End PBXFrameworksBuildPhase section */

/* Begin PBXGroup section */
		3E0112CF14237ED50003B868 = {
			isa = PBXGroup;
			children = (
				3E0112E414237ED50003B868 /* ImaKaeru */,
				3E01130214237ED60003B868 /* ImaKaeruTests */,
				3EE691021424E18400215A36 /* OAuthConsumer */,
				3EE690A61424D0CF00215A36 /* Twitter+OAuth */,
				3E0112DD14237ED50003B868 /* Frameworks */,
				3E0112DB14237ED50003B868 /* Products */,
			);
			sourceTree = "<group>";
		};
		3E0112DB14237ED50003B868 /* Products */ = {
			isa = PBXGroup;
			children = (
				3E0112DA14237ED50003B868 /* ImaKaeru.app */,
				3E0112FB14237ED60003B868 /* ImaKaeruTests.octest */,
			);
			name = Products;
			sourceTree = "<group>";
		};
		3E0112DD14237ED50003B868 /* Frameworks */ = {
			isa = PBXGroup;
			children = (
				3EE691001424DAF100215A36 /* libxml2.dylib */,
				3EE691361424E43100215A36 /* Security.framework */,
				3E011333142435990003B868 /* MessageUI.framework */,
				3E01131614242CAD0003B868 /* iAd.framework */,
				3E0112DE14237ED50003B868 /* UIKit.framework */,
				3E0112E014237ED50003B868 /* Foundation.framework */,
				3E0112E214237ED50003B868 /* CoreGraphics.framework */,
				3E0112FC14237ED60003B868 /* SenTestingKit.framework */,
			);
			name = Frameworks;
			sourceTree = "<group>";
		};
		3E0112E414237ED50003B868 /* ImaKaeru */ = {
			isa = PBXGroup;
			children = (
				3E50587E1425922D00D2FFB8 /* Classes */,
				3E011313142380240003B868 /* Resources */,
				3E50587F1425924400D2FFB8 /* Locale */,
				3E0112E514237ED50003B868 /* Supporting Files */,
			);
			path = ImaKaeru;
			sourceTree = "<group>";
		};
		3E0112E514237ED50003B868 /* Supporting Files */ = {
			isa = PBXGroup;
			children = (
				3E0112E614237ED50003B868 /* ImaKaeru-Info.plist */,
				3E0112E714237ED50003B868 /* InfoPlist.strings */,
				3E50588B142592F700D2FFB8 /* main.m */,
				3E0112EC14237ED50003B868 /* ImaKaeru-Prefix.pch */,
			);
			name = "Supporting Files";
			sourceTree = "<group>";
		};
		3E01130214237ED60003B868 /* ImaKaeruTests */ = {
			isa = PBXGroup;
			children = (
				3E01130814237ED60003B868 /* ImaKaeruTests.h */,
				3E01130914237ED60003B868 /* ImaKaeruTests.m */,
				3E01130314237ED60003B868 /* Supporting Files */,
			);
			path = ImaKaeruTests;
			sourceTree = "<group>";
		};
		3E01130314237ED60003B868 /* Supporting Files */ = {
			isa = PBXGroup;
			children = (
				3E01130414237ED60003B868 /* ImaKaeruTests-Info.plist */,
				3E01130514237ED60003B868 /* InfoPlist.strings */,
			);
			name = "Supporting Files";
			sourceTree = "<group>";
		};
		3E011313142380240003B868 /* Resources */ = {
			isa = PBXGroup;
			children = (
				3EDE02E5142468AD00490D47 /* CellWithText.xib */,
				3E0113141423806E0003B868 /* MainViewController.xib */,
				3E011335142441800003B868 /* CellWithSwitch.xib */,
			);
			path = Resources;
			sourceTree = "<group>";
		};
		3E418C091424D192001F37B0 /* SAOAuthTwitterEngine */ = {
			isa = PBXGroup;
			children = (
				3E418C0A1424D1B4001F37B0 /* SA_OAuthTwitterController.h */,
				3E418C0B1424D1B4001F37B0 /* SA_OAuthTwitterController.m */,
				3E418C0C1424D1B4001F37B0 /* SA_OAuthTwitterEngine.h */,
				3E418C0D1424D1B4001F37B0 /* SA_OAuthTwitterEngine.m */,
			);
			path = SAOAuthTwitterEngine;
			sourceTree = "<group>";
		};
		3E418C101424D1BD001F37B0 /* MGTwitterEngine */ = {
			isa = PBXGroup;
			children = (
				3E418C111424D1DB001F37B0 /* MGTwitterEngine.h */,
				3E418C121424D1DB001F37B0 /* MGTwitterEngine.m */,
				3E418C131424D1DB001F37B0 /* MGTwitterEngineDelegate.h */,
				3E418C141424D1DB001F37B0 /* MGTwitterEngineGlobalHeader.h */,
				3E418C151424D1DB001F37B0 /* MGTwitterHTTPURLConnection.h */,
				3E418C161424D1DB001F37B0 /* MGTwitterHTTPURLConnection.m */,
				3E418C171424D1DB001F37B0 /* MGTwitterLibXMLParser.h */,
				3E418C181424D1DB001F37B0 /* MGTwitterLibXMLParser.m */,
				3E418C191424D1DB001F37B0 /* MGTwitterMessagesLibXMLParser.h */,
				3E418C1A1424D1DB001F37B0 /* MGTwitterMessagesLibXMLParser.m */,
				3E418C1B1424D1DB001F37B0 /* MGTwitterMessagesParser.h */,
				3E418C1C1424D1DB001F37B0 /* MGTwitterMessagesParser.m */,
				3E418C1D1424D1DB001F37B0 /* MGTwitterMiscLibXMLParser.h */,
				3E418C1E1424D1DB001F37B0 /* MGTwitterMiscLibXMLParser.m */,
				3E418C1F1424D1DB001F37B0 /* MGTwitterMiscParser.h */,
				3E418C201424D1DB001F37B0 /* MGTwitterMiscParser.m */,
				3E418C211424D1DB001F37B0 /* MGTwitterParserDelegate.h */,
				3E418C221424D1DB001F37B0 /* MGTwitterRequestTypes.h */,
				3E418C231424D1DB001F37B0 /* MGTwitterStatusesLibXMLParser.h */,
				3E418C241424D1DB001F37B0 /* MGTwitterStatusesLibXMLParser.m */,
				3E418C251424D1DB001F37B0 /* MGTwitterStatusesParser.h */,
				3E418C261424D1DB001F37B0 /* MGTwitterStatusesParser.m */,
				3E418C271424D1DB001F37B0 /* MGTwitterUsersLibXMLParser.h */,
				3E418C281424D1DB001F37B0 /* MGTwitterUsersLibXMLParser.m */,
				3E418C291424D1DB001F37B0 /* MGTwitterUsersParser.h */,
				3E418C2A1424D1DB001F37B0 /* MGTwitterUsersParser.m */,
				3E418C2B1424D1DB001F37B0 /* MGTwitterXMLParser.h */,
				3E418C2C1424D1DB001F37B0 /* MGTwitterXMLParser.m */,
				3E418C2D1424D1DB001F37B0 /* NSData+Base64.h */,
				3E418C2E1424D1DB001F37B0 /* NSData+Base64.m */,
				3E418C2F1424D1DB001F37B0 /* NSString+UUID.h */,
				3E418C301424D1DB001F37B0 /* NSString+UUID.m */,
			);
			path = MGTwitterEngine;
			sourceTree = "<group>";
		};
		3E50587E1425922D00D2FFB8 /* Classes */ = {
			isa = PBXGroup;
			children = (
				3E505881142592F700D2FFB8 /* AppDelegate.h */,
				3E505882142592F700D2FFB8 /* AppDelegate.m */,
				3E505883142592F700D2FFB8 /* CellWithSwitch.h */,
				3E505884142592F700D2FFB8 /* CellWithSwitch.m */,
				3E505885142592F700D2FFB8 /* CellWithText.h */,
				3E505886142592F700D2FFB8 /* CellWithText.m */,
				3E505887142592F700D2FFB8 /* Config.h */,
				3E505888142592F700D2FFB8 /* Config.m */,
				3E505889142592F700D2FFB8 /* ConfigViewController.h */,
				3E50588A142592F700D2FFB8 /* ConfigViewController.m */,
				3E50588C142592F700D2FFB8 /* MainViewController.h */,
				3E50588D142592F700D2FFB8 /* MainViewController.m */,
				3E50588E142592F700D2FFB8 /* TwitterSecret.h */,
			);
			path = Classes;
			sourceTree = "<group>";
		};
		3E50587F1425924400D2FFB8 /* Locale */ = {
			isa = PBXGroup;
			children = (
			);
			name = Locale;
			sourceTree = "<group>";
		};
		3EE690A61424D0CF00215A36 /* Twitter+OAuth */ = {
			isa = PBXGroup;
			children = (
				3E418C091424D192001F37B0 /* SAOAuthTwitterEngine */,
				3E418C101424D1BD001F37B0 /* MGTwitterEngine */,
			);
			path = "Twitter+OAuth";
			sourceTree = "<group>";
		};
		3EE691021424E18400215A36 /* OAuthConsumer */ = {
			isa = PBXGroup;
			children = (
				3EE6912C1424E1AA00215A36 /* Crypto */,
				3EE691031424E1A500215A36 /* NSMutableURLRequest+Parameters.h */,
				3EE691041424E1A500215A36 /* NSMutableURLRequest+Parameters.m */,
				3EE691051424E1A500215A36 /* NSString+URLEncoding.h */,
				3EE691061424E1A500215A36 /* NSString+URLEncoding.m */,
				3EE691071424E1A500215A36 /* NSURL+Base.h */,
				3EE691081424E1A500215A36 /* NSURL+Base.m */,
				3EE691091424E1A500215A36 /* OAAsynchronousDataFetcher.h */,
				3EE6910A1424E1A500215A36 /* OAAsynchronousDataFetcher.m */,
				3EE6910B1424E1A500215A36 /* OAConsumer.h */,
				3EE6910C1424E1A500215A36 /* OAConsumer.m */,
				3EE6910D1424E1A500215A36 /* OADataFetcher.h */,
				3EE6910E1424E1A500215A36 /* OADataFetcher.m */,
				3EE6910F1424E1A500215A36 /* OAHMAC_SHA1SignatureProvider.h */,
				3EE691101424E1A500215A36 /* OAHMAC_SHA1SignatureProvider.m */,
				3EE691111424E1A500215A36 /* OAMutableURLRequest.h */,
				3EE691121424E1A500215A36 /* OAMutableURLRequest.m */,
				3EE691131424E1A500215A36 /* OAPlaintextSignatureProvider.h */,
				3EE691141424E1A500215A36 /* OAPlaintextSignatureProvider.m */,
				3EE691151424E1A500215A36 /* OARequestParameter.h */,
				3EE691161424E1A500215A36 /* OARequestParameter.m */,
				3EE691171424E1A500215A36 /* OAServiceTicket.h */,
				3EE691181424E1A500215A36 /* OAServiceTicket.m */,
				3EE691191424E1A500215A36 /* OASignatureProviding.h */,
				3EE6911C1424E1A500215A36 /* OAToken.h */,
				3EE6911D1424E1A500215A36 /* OAToken.m */,
				3EE6911E1424E1A500215A36 /* OAuthConsumer.h */,
			);
			name = OAuthConsumer;
			path = OAuthConsumeriPhoneLib/OAuthConsumerSrc;
			sourceTree = "<group>";
		};
		3EE6912C1424E1AA00215A36 /* Crypto */ = {
			isa = PBXGroup;
			children = (
				3EE6912D1424E1CA00215A36 /* Base64Transcoder.c */,
				3EE6912E1424E1CA00215A36 /* Base64Transcoder.h */,
				3EE6912F1424E1CA00215A36 /* hmac.c */,
				3EE691301424E1CA00215A36 /* hmac.h */,
				3EE691311424E1CA00215A36 /* sha1.c */,
				3EE691321424E1CA00215A36 /* sha1.h */,
			);
			path = Crypto;
			sourceTree = "<group>";
		};
/* End PBXGroup section */

/* Begin PBXNativeTarget section */
		3E0112D914237ED50003B868 /* ImaKaeru */ = {
			isa = PBXNativeTarget;
			buildConfigurationList = 3E01130D14237ED60003B868 /* Build configuration list for PBXNativeTarget "ImaKaeru" */;
			buildPhases = (
				3E0112D614237ED50003B868 /* Sources */,
				3E0112D714237ED50003B868 /* Frameworks */,
				3E0112D814237ED50003B868 /* Resources */,
			);
			buildRules = (
			);
			dependencies = (
			);
			name = ImaKaeru;
			productName = ImaKaeru;
			productReference = 3E0112DA14237ED50003B868 /* ImaKaeru.app */;
			productType = "com.apple.product-type.application";
		};
		3E0112FA14237ED60003B868 /* ImaKaeruTests */ = {
			isa = PBXNativeTarget;
			buildConfigurationList = 3E01131014237ED60003B868 /* Build configuration list for PBXNativeTarget "ImaKaeruTests" */;
			buildPhases = (
				3E0112F614237ED60003B868 /* Sources */,
				3E0112F714237ED60003B868 /* Frameworks */,
				3E0112F814237ED60003B868 /* Resources */,
				3E0112F914237ED60003B868 /* ShellScript */,
			);
			buildRules = (
			);
			dependencies = (
				3E01130114237ED60003B868 /* PBXTargetDependency */,
			);
			name = ImaKaeruTests;
			productName = ImaKaeruTests;
			productReference = 3E0112FB14237ED60003B868 /* ImaKaeruTests.octest */;
			productType = "com.apple.product-type.bundle";
		};
/* End PBXNativeTarget section */

/* Begin PBXProject section */
		3E0112D114237ED50003B868 /* Project object */ = {
			isa = PBXProject;
			attributes = {
				LastUpgradeCheck = 0420;
			};
			buildConfigurationList = 3E0112D414237ED50003B868 /* Build configuration list for PBXProject "ImaKaeru" */;
			compatibilityVersion = "Xcode 3.2";
			developmentRegion = English;
			hasScannedForEncodings = 0;
			knownRegions = (
				en,
			);
			mainGroup = 3E0112CF14237ED50003B868;
			productRefGroup = 3E0112DB14237ED50003B868 /* Products */;
			projectDirPath = "";
			projectRoot = "";
			targets = (
				3E0112D914237ED50003B868 /* ImaKaeru */,
				3E0112FA14237ED60003B868 /* ImaKaeruTests */,
			);
		};
/* End PBXProject section */

/* Begin PBXResourcesBuildPhase section */
		3E0112D814237ED50003B868 /* Resources */ = {
			isa = PBXResourcesBuildPhase;
			buildActionMask = 2147483647;
			files = (
				3E0112E914237ED50003B868 /* InfoPlist.strings in Resources */,
				3E0113151423806E0003B868 /* MainViewController.xib in Resources */,
				3E011336142441800003B868 /* CellWithSwitch.xib in Resources */,
				3EDE02E6142468AD00490D47 /* CellWithText.xib in Resources */,
			);
			runOnlyForDeploymentPostprocessing = 0;
		};
		3E0112F814237ED60003B868 /* Resources */ = {
			isa = PBXResourcesBuildPhase;
			buildActionMask = 2147483647;
			files = (
				3E01130714237ED60003B868 /* InfoPlist.strings in Resources */,
			);
			runOnlyForDeploymentPostprocessing = 0;
		};
/* End PBXResourcesBuildPhase section */

/* Begin PBXShellScriptBuildPhase section */
		3E0112F914237ED60003B868 /* ShellScript */ = {
			isa = PBXShellScriptBuildPhase;
			buildActionMask = 2147483647;
			files = (
			);
			inputPaths = (
			);
			outputPaths = (
			);
			runOnlyForDeploymentPostprocessing = 0;
			shellPath = /bin/sh;
			shellScript = "# Run the unit tests in this test bundle.\n\"${SYSTEM_DEVELOPER_DIR}/Tools/RunUnitTests\"\n";
		};
/* End PBXShellScriptBuildPhase section */

/* Begin PBXSourcesBuildPhase section */
		3E0112D614237ED50003B868 /* Sources */ = {
			isa = PBXSourcesBuildPhase;
			buildActionMask = 2147483647;
			files = (
				3E418C0E1424D1B4001F37B0 /* SA_OAuthTwitterController.m in Sources */,
				3E418C0F1424D1B4001F37B0 /* SA_OAuthTwitterEngine.m in Sources */,
				3E418C311424D1DB001F37B0 /* MGTwitterEngine.m in Sources */,
				3E418C321424D1DB001F37B0 /* MGTwitterHTTPURLConnection.m in Sources */,
				3E418C331424D1DB001F37B0 /* MGTwitterLibXMLParser.m in Sources */,
				3E418C341424D1DB001F37B0 /* MGTwitterMessagesLibXMLParser.m in Sources */,
				3E418C351424D1DB001F37B0 /* MGTwitterMessagesParser.m in Sources */,
				3E418C361424D1DB001F37B0 /* MGTwitterMiscLibXMLParser.m in Sources */,
				3E418C371424D1DB001F37B0 /* MGTwitterMiscParser.m in Sources */,
				3E418C381424D1DB001F37B0 /* MGTwitterStatusesLibXMLParser.m in Sources */,
				3E418C391424D1DB001F37B0 /* MGTwitterStatusesParser.m in Sources */,
				3E418C3A1424D1DB001F37B0 /* MGTwitterUsersLibXMLParser.m in Sources */,
				3E418C3B1424D1DB001F37B0 /* MGTwitterUsersParser.m in Sources */,
				3E418C3C1424D1DB001F37B0 /* MGTwitterXMLParser.m in Sources */,
				3E418C3D1424D1DB001F37B0 /* NSData+Base64.m in Sources */,
				3E418C3E1424D1DB001F37B0 /* NSString+UUID.m in Sources */,
				3EE6911F1424E1A500215A36 /* NSMutableURLRequest+Parameters.m in Sources */,
				3EE691201424E1A500215A36 /* NSString+URLEncoding.m in Sources */,
				3EE691211424E1A500215A36 /* NSURL+Base.m in Sources */,
				3EE691221424E1A500215A36 /* OAAsynchronousDataFetcher.m in Sources */,
				3EE691231424E1A500215A36 /* OAConsumer.m in Sources */,
				3EE691241424E1A500215A36 /* OADataFetcher.m in Sources */,
				3EE691251424E1A500215A36 /* OAHMAC_SHA1SignatureProvider.m in Sources */,
				3EE691261424E1A500215A36 /* OAMutableURLRequest.m in Sources */,
				3EE691271424E1A500215A36 /* OAPlaintextSignatureProvider.m in Sources */,
				3EE691281424E1A500215A36 /* OARequestParameter.m in Sources */,
				3EE691291424E1A500215A36 /* OAServiceTicket.m in Sources */,
				3EE6912B1424E1A500215A36 /* OAToken.m in Sources */,
				3EE691331424E1CA00215A36 /* Base64Transcoder.c in Sources */,
				3EE691341424E1CA00215A36 /* hmac.c in Sources */,
				3EE691351424E1CA00215A36 /* sha1.c in Sources */,
				3E50588F142592F700D2FFB8 /* AppDelegate.m in Sources */,
				3E505890142592F700D2FFB8 /* CellWithSwitch.m in Sources */,
				3E505891142592F700D2FFB8 /* CellWithText.m in Sources */,
				3E505892142592F700D2FFB8 /* Config.m in Sources */,
				3E505893142592F700D2FFB8 /* ConfigViewController.m in Sources */,
				3E505894142592F700D2FFB8 /* main.m in Sources */,
				3E505895142592F700D2FFB8 /* MainViewController.m in Sources */,
			);
			runOnlyForDeploymentPostprocessing = 0;
		};
		3E0112F614237ED60003B868 /* Sources */ = {
			isa = PBXSourcesBuildPhase;
			buildActionMask = 2147483647;
			files = (
				3E01130A14237ED60003B868 /* ImaKaeruTests.m in Sources */,
			);
			runOnlyForDeploymentPostprocessing = 0;
		};
/* End PBXSourcesBuildPhase section */

/* Begin PBXTargetDependency section */
		3E01130114237ED60003B868 /* PBXTargetDependency */ = {
			isa = PBXTargetDependency;
			target = 3E0112D914237ED50003B868 /* ImaKaeru */;
			targetProxy = 3E01130014237ED60003B868 /* PBXContainerItemProxy */;
		};
/* End PBXTargetDependency section */

/* Begin PBXVariantGroup section */
		3E0112E714237ED50003B868 /* InfoPlist.strings */ = {
			isa = PBXVariantGroup;
			children = (
				3E0112E814237ED50003B868 /* en */,
			);
			name = InfoPlist.strings;
			sourceTree = "<group>";
		};
		3E01130514237ED60003B868 /* InfoPlist.strings */ = {
			isa = PBXVariantGroup;
			children = (
				3E01130614237ED60003B868 /* en */,
			);
			name = InfoPlist.strings;
			sourceTree = "<group>";
		};
/* End PBXVariantGroup section */

/* Begin XCBuildConfiguration section */
		3E01130B14237ED60003B868 /* Debug */ = {
			isa = XCBuildConfiguration;
			buildSettings = {
				ALWAYS_SEARCH_USER_PATHS = NO;
				ARCHS = "$(ARCHS_STANDARD_32_BIT)";
				CLANG_ENABLE_OBJC_ARC = YES;
				"CODE_SIGN_IDENTITY[sdk=iphoneos*]" = "iPhone Developer";
				COPY_PHASE_STRIP = NO;
				GCC_C_LANGUAGE_STANDARD = gnu99;
				GCC_DYNAMIC_NO_PIC = NO;
				GCC_OPTIMIZATION_LEVEL = 0;
				GCC_PREPROCESSOR_DEFINITIONS = (
					"DEBUG=1",
					"$(inherited)",
				);
				GCC_SYMBOLS_PRIVATE_EXTERN = NO;
				GCC_VERSION = com.apple.compilers.llvm.clang.1_0;
				GCC_WARN_ABOUT_MISSING_PROTOTYPES = YES;
				GCC_WARN_ABOUT_RETURN_TYPE = YES;
				GCC_WARN_UNUSED_VARIABLE = YES;
				HEADER_SEARCH_PATHS = "$(SDKROOT)/usr/include/libxml2/**";
				IPHONEOS_DEPLOYMENT_TARGET = 5.0;
				SDKROOT = iphoneos;
				STRINGS_FILE_OUTPUT_ENCODING = "UTF-8";
			};
			name = Debug;
		};
		3E01130C14237ED60003B868 /* Release */ = {
			isa = XCBuildConfiguration;
			buildSettings = {
				ALWAYS_SEARCH_USER_PATHS = NO;
				ARCHS = "$(ARCHS_STANDARD_32_BIT)";
				CLANG_ENABLE_OBJC_ARC = YES;
				"CODE_SIGN_IDENTITY[sdk=iphoneos*]" = "iPhone Developer";
				COPY_PHASE_STRIP = YES;
				GCC_C_LANGUAGE_STANDARD = gnu99;
				GCC_VERSION = com.apple.compilers.llvm.clang.1_0;
				GCC_WARN_ABOUT_MISSING_PROTOTYPES = YES;
				GCC_WARN_ABOUT_RETURN_TYPE = YES;
				GCC_WARN_UNUSED_VARIABLE = YES;
				HEADER_SEARCH_PATHS = "$(SDKROOT)/usr/include/libxml2/**";
				IPHONEOS_DEPLOYMENT_TARGET = 5.0;
				OTHER_CFLAGS = "-DNS_BLOCK_ASSERTIONS=1";
				SDKROOT = iphoneos;
				STRINGS_FILE_OUTPUT_ENCODING = "UTF-8";
				VALIDATE_PRODUCT = YES;
			};
			name = Release;
		};
		3E01130E14237ED60003B868 /* Debug */ = {
			isa = XCBuildConfiguration;
			buildSettings = {
				GCC_PRECOMPILE_PREFIX_HEADER = YES;
				GCC_PREFIX_HEADER = "ImaKaeru/ImaKaeru-Prefix.pch";
				INFOPLIST_FILE = "ImaKaeru/ImaKaeru-Info.plist";
				IPHONEOS_DEPLOYMENT_TARGET = 4.0;
				LIBRARY_SEARCH_PATHS = (
					"$(inherited)",
					"\"$(SRCROOT)/Twitter+OAuth/Libraries & Headers\"",
				);
				PRODUCT_NAME = "$(TARGET_NAME)";
				WRAPPER_EXTENSION = app;
			};
			name = Debug;
		};
		3E01130F14237ED60003B868 /* Release */ = {
			isa = XCBuildConfiguration;
			buildSettings = {
				GCC_PRECOMPILE_PREFIX_HEADER = YES;
				GCC_PREFIX_HEADER = "ImaKaeru/ImaKaeru-Prefix.pch";
				INFOPLIST_FILE = "ImaKaeru/ImaKaeru-Info.plist";
				IPHONEOS_DEPLOYMENT_TARGET = 4.0;
				LIBRARY_SEARCH_PATHS = (
					"$(inherited)",
					"\"$(SRCROOT)/Twitter+OAuth/Libraries & Headers\"",
				);
				PRODUCT_NAME = "$(TARGET_NAME)";
				WRAPPER_EXTENSION = app;
			};
			name = Release;
		};
		3E01131114237ED60003B868 /* Debug */ = {
			isa = XCBuildConfiguration;
			buildSettings = {
				BUNDLE_LOADER = "$(BUILT_PRODUCTS_DIR)/ImaKaeru.app/ImaKaeru";
				FRAMEWORK_SEARCH_PATHS = (
					"$(SDKROOT)/Developer/Library/Frameworks",
					"$(DEVELOPER_LIBRARY_DIR)/Frameworks",
				);
				GCC_PRECOMPILE_PREFIX_HEADER = YES;
				GCC_PREFIX_HEADER = "ImaKaeru/ImaKaeru-Prefix.pch";
				INFOPLIST_FILE = "ImaKaeruTests/ImaKaeruTests-Info.plist";
				PRODUCT_NAME = "$(TARGET_NAME)";
				TEST_HOST = "$(BUNDLE_LOADER)";
				WRAPPER_EXTENSION = octest;
			};
			name = Debug;
		};
		3E01131214237ED60003B868 /* Release */ = {
			isa = XCBuildConfiguration;
			buildSettings = {
				BUNDLE_LOADER = "$(BUILT_PRODUCTS_DIR)/ImaKaeru.app/ImaKaeru";
				FRAMEWORK_SEARCH_PATHS = (
					"$(SDKROOT)/Developer/Library/Frameworks",
					"$(DEVELOPER_LIBRARY_DIR)/Frameworks",
				);
				GCC_PRECOMPILE_PREFIX_HEADER = YES;
				GCC_PREFIX_HEADER = "ImaKaeru/ImaKaeru-Prefix.pch";
				INFOPLIST_FILE = "ImaKaeruTests/ImaKaeruTests-Info.plist";
				PRODUCT_NAME = "$(TARGET_NAME)";
				TEST_HOST = "$(BUNDLE_LOADER)";
				WRAPPER_EXTENSION = octest;
			};
			name = Release;
		};
/* End XCBuildConfiguration section */

/* Begin XCConfigurationList section */
		3E0112D414237ED50003B868 /* Build configuration list for PBXProject "ImaKaeru" */ = {
			isa = XCConfigurationList;
			buildConfigurations = (
				3E01130B14237ED60003B868 /* Debug */,
				3E01130C14237ED60003B868 /* Release */,
			);
			defaultConfigurationIsVisible = 0;
			defaultConfigurationName = Release;
		};
		3E01130D14237ED60003B868 /* Build configuration list for PBXNativeTarget "ImaKaeru" */ = {
			isa = XCConfigurationList;
			buildConfigurations = (
				3E01130E14237ED60003B868 /* Debug */,
				3E01130F14237ED60003B868 /* Release */,
			);
			defaultConfigurationIsVisible = 0;
			defaultConfigurationName = Release;
		};
		3E01131014237ED60003B868 /* Build configuration list for PBXNativeTarget "ImaKaeruTests" */ = {
			isa = XCConfigurationList;
			buildConfigurations = (
				3E01131114237ED60003B868 /* Debug */,
				3E01131214237ED60003B868 /* Release */,
			);
			defaultConfigurationIsVisible = 0;
			defaultConfigurationName = Release;
		};
/* End XCConfigurationList section */
	};
	rootObject = 3E0112D114237ED50003B868 /* Project object */;
}
