// !$*UTF8*$!
{
	archiveVersion = 1;
	classes = {
	};
	objectVersion = 46;
	objects = {

/* Begin PBXBuildFile section */
		3E0112DF14237ED50003B868 /* UIKit.framework in Frameworks */ = {isa = PBXBuildFile; fileRef = 3E0112DE14237ED50003B868 /* UIKit.framework */; };
		3E0112E114237ED50003B868 /* Foundation.framework in Frameworks */ = {isa = PBXBuildFile; fileRef = 3E0112E014237ED50003B868 /* Foundation.framework */; };
		3E0112E314237ED50003B868 /* CoreGraphics.framework in Frameworks */ = {isa = PBXBuildFile; fileRef = 3E0112E214237ED50003B868 /* CoreGraphics.framework */; };
		3E0112E914237ED50003B868 /* InfoPlist.strings in Resources */ = {isa = PBXBuildFile; fileRef = 3E0112E714237ED50003B868 /* InfoPlist.strings */; };
		3E0112EB14237ED50003B868 /* main.m in Sources */ = {isa = PBXBuildFile; fileRef = 3E0112EA14237ED50003B868 /* main.m */; };
		3E0112EF14237ED50003B868 /* AppDelegate.m in Sources */ = {isa = PBXBuildFile; fileRef = 3E0112EE14237ED50003B868 /* AppDelegate.m */; };
		3E0112F214237ED50003B868 /* MainViewController.m in Sources */ = {isa = PBXBuildFile; fileRef = 3E0112F114237ED50003B868 /* MainViewController.m */; };
		3E0112FD14237ED60003B868 /* SenTestingKit.framework in Frameworks */ = {isa = PBXBuildFile; fileRef = 3E0112FC14237ED60003B868 /* SenTestingKit.framework */; };
		3E0112FE14237ED60003B868 /* UIKit.framework in Frameworks */ = {isa = PBXBuildFile; fileRef = 3E0112DE14237ED50003B868 /* UIKit.framework */; };
		3E0112FF14237ED60003B868 /* Foundation.framework in Frameworks */ = {isa = PBXBuildFile; fileRef = 3E0112E014237ED50003B868 /* Foundation.framework */; };
		3E01130714237ED60003B868 /* InfoPlist.strings in Resources */ = {isa = PBXBuildFile; fileRef = 3E01130514237ED60003B868 /* InfoPlist.strings */; };
		3E01130A14237ED60003B868 /* ImaKaeruTests.m in Sources */ = {isa = PBXBuildFile; fileRef = 3E01130914237ED60003B868 /* ImaKaeruTests.m */; };
		3E0113151423806E0003B868 /* MainViewController.xib in Resources */ = {isa = PBXBuildFile; fileRef = 3E0113141423806E0003B868 /* MainViewController.xib */; };
		3E01131714242CAD0003B868 /* iAd.framework in Frameworks */ = {isa = PBXBuildFile; fileRef = 3E01131614242CAD0003B868 /* iAd.framework */; };
		3E01131A14242E0B0003B868 /* Config.m in Sources */ = {isa = PBXBuildFile; fileRef = 3E01131914242E0B0003B868 /* Config.m */; };
		3E011334142435990003B868 /* MessageUI.framework in Frameworks */ = {isa = PBXBuildFile; fileRef = 3E011333142435990003B868 /* MessageUI.framework */; };
		3E011336142441800003B868 /* CellWithSwitch.xib in Resources */ = {isa = PBXBuildFile; fileRef = 3E011335142441800003B868 /* CellWithSwitch.xib */; };
		3E011339142442640003B868 /* CellWithSwitch.m in Sources */ = {isa = PBXBuildFile; fileRef = 3E011338142442640003B868 /* CellWithSwitch.m */; };
		3E01133C142447350003B868 /* ConfigViewController.m in Sources */ = {isa = PBXBuildFile; fileRef = 3E01133B142447350003B868 /* ConfigViewController.m */; };
		3EDE02E6142468AD00490D47 /* CellWithText.xib in Resources */ = {isa = PBXBuildFile; fileRef = 3EDE02E5142468AD00490D47 /* CellWithText.xib */; };
		3EDE02EA142468E800490D47 /* CellWithText.m in Sources */ = {isa = PBXBuildFile; fileRef = 3EDE02E9142468E800490D47 /* CellWithText.m */; };
		3EDE02F614249D8F00490D47 /* NSData+Base64.m in Sources */ = {isa = PBXBuildFile; fileRef = 3EDE02F114249D8F00490D47 /* NSData+Base64.m */; };
		3EDE02F714249D8F00490D47 /* OAuth+Additions.m in Sources */ = {isa = PBXBuildFile; fileRef = 3EDE02F314249D8F00490D47 /* OAuth+Additions.m */; };
		3EDE02F814249D8F00490D47 /* OAuthCore.m in Sources */ = {isa = PBXBuildFile; fileRef = 3EDE02F514249D8F00490D47 /* OAuthCore.m */; };
/* End PBXBuildFile section */

/* Begin PBXContainerItemProxy section */
		3E01130014237ED60003B868 /* PBXContainerItemProxy */ = {
			isa = PBXContainerItemProxy;
			containerPortal = 3E0112D114237ED50003B868 /* Project object */;
			proxyType = 1;
			remoteGlobalIDString = 3E0112D914237ED50003B868;
			remoteInfo = ImaKaeru;
		};
/* End PBXContainerItemProxy section */

/* Begin PBXFileReference section */
		3E0112DA14237ED50003B868 /* ImaKaeru.app */ = {isa = PBXFileReference; explicitFileType = wrapper.application; includeInIndex = 0; path = ImaKaeru.app; sourceTree = BUILT_PRODUCTS_DIR; };
		3E0112DE14237ED50003B868 /* UIKit.framework */ = {isa = PBXFileReference; lastKnownFileType = wrapper.framework; name = UIKit.framework; path = System/Library/Frameworks/UIKit.framework; sourceTree = SDKROOT; };
		3E0112E014237ED50003B868 /* Foundation.framework */ = {isa = PBXFileReference; lastKnownFileType = wrapper.framework; name = Foundation.framework; path = System/Library/Frameworks/Foundation.framework; sourceTree = SDKROOT; };
		3E0112E214237ED50003B868 /* CoreGraphics.framework */ = {isa = PBXFileReference; lastKnownFileType = wrapper.framework; name = CoreGraphics.framework; path = System/Library/Frameworks/CoreGraphics.framework; sourceTree = SDKROOT; };
		3E0112E614237ED50003B868 /* ImaKaeru-Info.plist */ = {isa = PBXFileReference; lastKnownFileType = text.plist.xml; path = "ImaKaeru-Info.plist"; sourceTree = "<group>"; };
		3E0112E814237ED50003B868 /* en */ = {isa = PBXFileReference; lastKnownFileType = text.plist.strings; name = en; path = en.lproj/InfoPlist.strings; sourceTree = "<group>"; };
		3E0112EA14237ED50003B868 /* main.m */ = {isa = PBXFileReference; lastKnownFileType = sourcecode.c.objc; path = main.m; sourceTree = "<group>"; };
		3E0112EC14237ED50003B868 /* ImaKaeru-Prefix.pch */ = {isa = PBXFileReference; lastKnownFileType = sourcecode.c.h; path = "ImaKaeru-Prefix.pch"; sourceTree = "<group>"; };
		3E0112ED14237ED50003B868 /* AppDelegate.h */ = {isa = PBXFileReference; lastKnownFileType = sourcecode.c.h; path = AppDelegate.h; sourceTree = "<group>"; };
		3E0112EE14237ED50003B868 /* AppDelegate.m */ = {isa = PBXFileReference; lastKnownFileType = sourcecode.c.objc; path = AppDelegate.m; sourceTree = "<group>"; };
		3E0112F014237ED50003B868 /* MainViewController.h */ = {isa = PBXFileReference; lastKnownFileType = sourcecode.c.h; path = MainViewController.h; sourceTree = "<group>"; };
		3E0112F114237ED50003B868 /* MainViewController.m */ = {isa = PBXFileReference; lastKnownFileType = sourcecode.c.objc; path = MainViewController.m; sourceTree = "<group>"; };
		3E0112FB14237ED60003B868 /* ImaKaeruTests.octest */ = {isa = PBXFileReference; explicitFileType = wrapper.cfbundle; includeInIndex = 0; path = ImaKaeruTests.octest; sourceTree = BUILT_PRODUCTS_DIR; };
		3E0112FC14237ED60003B868 /* SenTestingKit.framework */ = {isa = PBXFileReference; lastKnownFileType = wrapper.framework; name = SenTestingKit.framework; path = Library/Frameworks/SenTestingKit.framework; sourceTree = DEVELOPER_DIR; };
		3E01130414237ED60003B868 /* ImaKaeruTests-Info.plist */ = {isa = PBXFileReference; lastKnownFileType = text.plist.xml; path = "ImaKaeruTests-Info.plist"; sourceTree = "<group>"; };
		3E01130614237ED60003B868 /* en */ = {isa = PBXFileReference; lastKnownFileType = text.plist.strings; name = en; path = en.lproj/InfoPlist.strings; sourceTree = "<group>"; };
		3E01130814237ED60003B868 /* ImaKaeruTests.h */ = {isa = PBXFileReference; lastKnownFileType = sourcecode.c.h; path = ImaKaeruTests.h; sourceTree = "<group>"; };
		3E01130914237ED60003B868 /* ImaKaeruTests.m */ = {isa = PBXFileReference; lastKnownFileType = sourcecode.c.objc; path = ImaKaeruTests.m; sourceTree = "<group>"; };
		3E0113141423806E0003B868 /* MainViewController.xib */ = {isa = PBXFileReference; fileEncoding = 4; lastKnownFileType = file.xib; path = MainViewController.xib; sourceTree = "<group>"; };
		3E01131614242CAD0003B868 /* iAd.framework */ = {isa = PBXFileReference; lastKnownFileType = wrapper.framework; name = iAd.framework; path = System/Library/Frameworks/iAd.framework; sourceTree = SDKROOT; };
		3E01131814242E0B0003B868 /* Config.h */ = {isa = PBXFileReference; fileEncoding = 4; lastKnownFileType = sourcecode.c.h; path = Config.h; sourceTree = "<group>"; };
		3E01131914242E0B0003B868 /* Config.m */ = {isa = PBXFileReference; fileEncoding = 4; lastKnownFileType = sourcecode.c.objc; path = Config.m; sourceTree = "<group>"; };
		3E011333142435990003B868 /* MessageUI.framework */ = {isa = PBXFileReference; lastKnownFileType = wrapper.framework; name = MessageUI.framework; path = System/Library/Frameworks/MessageUI.framework; sourceTree = SDKROOT; };
		3E011335142441800003B868 /* CellWithSwitch.xib */ = {isa = PBXFileReference; fileEncoding = 4; lastKnownFileType = file.xib; path = CellWithSwitch.xib; sourceTree = "<group>"; };
		3E011337142442640003B868 /* CellWithSwitch.h */ = {isa = PBXFileReference; fileEncoding = 4; lastKnownFileType = sourcecode.c.h; path = CellWithSwitch.h; sourceTree = "<group>"; };
		3E011338142442640003B868 /* CellWithSwitch.m */ = {isa = PBXFileReference; fileEncoding = 4; lastKnownFileType = sourcecode.c.objc; path = CellWithSwitch.m; sourceTree = "<group>"; };
		3E01133A142447350003B868 /* ConfigViewController.h */ = {isa = PBXFileReference; fileEncoding = 4; lastKnownFileType = sourcecode.c.h; path = ConfigViewController.h; sourceTree = "<group>"; };
		3E01133B142447350003B868 /* ConfigViewController.m */ = {isa = PBXFileReference; fileEncoding = 4; lastKnownFileType = sourcecode.c.objc; path = ConfigViewController.m; sourceTree = "<group>"; };
		3EDE02E5142468AD00490D47 /* CellWithText.xib */ = {isa = PBXFileReference; fileEncoding = 4; lastKnownFileType = file.xib; path = CellWithText.xib; sourceTree = "<group>"; };
		3EDE02E8142468E800490D47 /* CellWithText.h */ = {isa = PBXFileReference; fileEncoding = 4; lastKnownFileType = sourcecode.c.h; path = CellWithText.h; sourceTree = "<group>"; };
		3EDE02E9142468E800490D47 /* CellWithText.m */ = {isa = PBXFileReference; fileEncoding = 4; lastKnownFileType = sourcecode.c.objc; path = CellWithText.m; sourceTree = "<group>"; };
		3EDE02F014249D8F00490D47 /* NSData+Base64.h */ = {isa = PBXFileReference; fileEncoding = 4; lastKnownFileType = sourcecode.c.h; path = "NSData+Base64.h"; sourceTree = "<group>"; };
		3EDE02F114249D8F00490D47 /* NSData+Base64.m */ = {isa = PBXFileReference; fileEncoding = 4; lastKnownFileType = sourcecode.c.objc; path = "NSData+Base64.m"; sourceTree = "<group>"; };
		3EDE02F214249D8F00490D47 /* OAuth+Additions.h */ = {isa = PBXFileReference; fileEncoding = 4; lastKnownFileType = sourcecode.c.h; path = "OAuth+Additions.h"; sourceTree = "<group>"; };
		3EDE02F314249D8F00490D47 /* OAuth+Additions.m */ = {isa = PBXFileReference; fileEncoding = 4; lastKnownFileType = sourcecode.c.objc; path = "OAuth+Additions.m"; sourceTree = "<group>"; };
		3EDE02F414249D8F00490D47 /* OAuthCore.h */ = {isa = PBXFileReference; fileEncoding = 4; lastKnownFileType = sourcecode.c.h; path = OAuthCore.h; sourceTree = "<group>"; };
		3EDE02F514249D8F00490D47 /* OAuthCore.m */ = {isa = PBXFileReference; fileEncoding = 4; lastKnownFileType = sourcecode.c.objc; path = OAuthCore.m; sourceTree = "<group>"; };
/* End PBXFileReference section */

/* Begin PBXFrameworksBuildPhase section */
		3E0112D714237ED50003B868 /* Frameworks */ = {
			isa = PBXFrameworksBuildPhase;
			buildActionMask = 2147483647;
			files = (
				3E011334142435990003B868 /* MessageUI.framework in Frameworks */,
				3E01131714242CAD0003B868 /* iAd.framework in Frameworks */,
				3E0112DF14237ED50003B868 /* UIKit.framework in Frameworks */,
				3E0112E114237ED50003B868 /* Foundation.framework in Frameworks */,
				3E0112E314237ED50003B868 /* CoreGraphics.framework in Frameworks */,
			);
			runOnlyForDeploymentPostprocessing = 0;
		};
		3E0112F714237ED60003B868 /* Frameworks */ = {
			isa = PBXFrameworksBuildPhase;
			buildActionMask = 2147483647;
			files = (
				3E0112FD14237ED60003B868 /* SenTestingKit.framework in Frameworks */,
				3E0112FE14237ED60003B868 /* UIKit.framework in Frameworks */,
				3E0112FF14237ED60003B868 /* Foundation.framework in Frameworks */,
			);
			runOnlyForDeploymentPostprocessing = 0;
		};
/* End PBXFrameworksBuildPhase section */

/* Begin PBXGroup section */
		3E0112CF14237ED50003B868 = {
			isa = PBXGroup;
			children = (
				3E0112E414237ED50003B868 /* ImaKaeru */,
				3E01130214237ED60003B868 /* ImaKaeruTests */,
				3E0112DD14237ED50003B868 /* Frameworks */,
				3E0112DB14237ED50003B868 /* Products */,
			);
			sourceTree = "<group>";
		};
		3E0112DB14237ED50003B868 /* Products */ = {
			isa = PBXGroup;
			children = (
				3E0112DA14237ED50003B868 /* ImaKaeru.app */,
				3E0112FB14237ED60003B868 /* ImaKaeruTests.octest */,
			);
			name = Products;
			sourceTree = "<group>";
		};
		3E0112DD14237ED50003B868 /* Frameworks */ = {
			isa = PBXGroup;
			children = (
				3E011333142435990003B868 /* MessageUI.framework */,
				3E01131614242CAD0003B868 /* iAd.framework */,
				3E0112DE14237ED50003B868 /* UIKit.framework */,
				3E0112E014237ED50003B868 /* Foundation.framework */,
				3E0112E214237ED50003B868 /* CoreGraphics.framework */,
				3E0112FC14237ED60003B868 /* SenTestingKit.framework */,
			);
			name = Frameworks;
			sourceTree = "<group>";
		};
		3E0112E414237ED50003B868 /* ImaKaeru */ = {
			isa = PBXGroup;
			children = (
				3E0112ED14237ED50003B868 /* AppDelegate.h */,
				3E0112EE14237ED50003B868 /* AppDelegate.m */,
				3E0112F014237ED50003B868 /* MainViewController.h */,
				3E0112F114237ED50003B868 /* MainViewController.m */,
				3E01133A142447350003B868 /* ConfigViewController.h */,
				3E01133B142447350003B868 /* ConfigViewController.m */,
				3E01131814242E0B0003B868 /* Config.h */,
				3E01131914242E0B0003B868 /* Config.m */,
				3E011337142442640003B868 /* CellWithSwitch.h */,
				3E011338142442640003B868 /* CellWithSwitch.m */,
				3EDE02E8142468E800490D47 /* CellWithText.h */,
				3EDE02E9142468E800490D47 /* CellWithText.m */,
				3E011313142380240003B868 /* Resources */,
				3EDE02EF14249D6700490D47 /* OAuthCore */,
				3E0112E514237ED50003B868 /* Supporting Files */,
			);
			path = ImaKaeru;
			sourceTree = "<group>";
		};
		3E0112E514237ED50003B868 /* Supporting Files */ = {
			isa = PBXGroup;
			children = (
				3E0112E614237ED50003B868 /* ImaKaeru-Info.plist */,
				3E0112E714237ED50003B868 /* InfoPlist.strings */,
				3E0112EA14237ED50003B868 /* main.m */,
				3E0112EC14237ED50003B868 /* ImaKaeru-Prefix.pch */,
			);
			name = "Supporting Files";
			sourceTree = "<group>";
		};
		3E01130214237ED60003B868 /* ImaKaeruTests */ = {
			isa = PBXGroup;
			children = (
				3E01130814237ED60003B868 /* ImaKaeruTests.h */,
				3E01130914237ED60003B868 /* ImaKaeruTests.m */,
				3E01130314237ED60003B868 /* Supporting Files */,
			);
			path = ImaKaeruTests;
			sourceTree = "<group>";
		};
		3E01130314237ED60003B868 /* Supporting Files */ = {
			isa = PBXGroup;
			children = (
				3E01130414237ED60003B868 /* ImaKaeruTests-Info.plist */,
				3E01130514237ED60003B868 /* InfoPlist.strings */,
			);
			name = "Supporting Files";
			sourceTree = "<group>";
		};
		3E011313142380240003B868 /* Resources */ = {
			isa = PBXGroup;
			children = (
				3EDE02E5142468AD00490D47 /* CellWithText.xib */,
				3E0113141423806E0003B868 /* MainViewController.xib */,
				3E011335142441800003B868 /* CellWithSwitch.xib */,
			);
			path = Resources;
			sourceTree = "<group>";
		};
		3EDE02EF14249D6700490D47 /* OAuthCore */ = {
			isa = PBXGroup;
			children = (
				3EDE02F014249D8F00490D47 /* NSData+Base64.h */,
				3EDE02F114249D8F00490D47 /* NSData+Base64.m */,
				3EDE02F214249D8F00490D47 /* OAuth+Additions.h */,
				3EDE02F314249D8F00490D47 /* OAuth+Additions.m */,
				3EDE02F414249D8F00490D47 /* OAuthCore.h */,
				3EDE02F514249D8F00490D47 /* OAuthCore.m */,
			);
			path = OAuthCore;
			sourceTree = "<group>";
		};
/* End PBXGroup section */

/* Begin PBXNativeTarget section */
		3E0112D914237ED50003B868 /* ImaKaeru */ = {
			isa = PBXNativeTarget;
			buildConfigurationList = 3E01130D14237ED60003B868 /* Build configuration list for PBXNativeTarget "ImaKaeru" */;
			buildPhases = (
				3E0112D614237ED50003B868 /* Sources */,
				3E0112D714237ED50003B868 /* Frameworks */,
				3E0112D814237ED50003B868 /* Resources */,
			);
			buildRules = (
			);
			dependencies = (
			);
			name = ImaKaeru;
			productName = ImaKaeru;
			productReference = 3E0112DA14237ED50003B868 /* ImaKaeru.app */;
			productType = "com.apple.product-type.application";
		};
		3E0112FA14237ED60003B868 /* ImaKaeruTests */ = {
			isa = PBXNativeTarget;
			buildConfigurationList = 3E01131014237ED60003B868 /* Build configuration list for PBXNativeTarget "ImaKaeruTests" */;
			buildPhases = (
				3E0112F614237ED60003B868 /* Sources */,
				3E0112F714237ED60003B868 /* Frameworks */,
				3E0112F814237ED60003B868 /* Resources */,
				3E0112F914237ED60003B868 /* ShellScript */,
			);
			buildRules = (
			);
			dependencies = (
				3E01130114237ED60003B868 /* PBXTargetDependency */,
			);
			name = ImaKaeruTests;
			productName = ImaKaeruTests;
			productReference = 3E0112FB14237ED60003B868 /* ImaKaeruTests.octest */;
			productType = "com.apple.product-type.bundle";
		};
/* End PBXNativeTarget section */

/* Begin PBXProject section */
		3E0112D114237ED50003B868 /* Project object */ = {
			isa = PBXProject;
			attributes = {
				LastUpgradeCheck = 0420;
			};
			buildConfigurationList = 3E0112D414237ED50003B868 /* Build configuration list for PBXProject "ImaKaeru" */;
			compatibilityVersion = "Xcode 3.2";
			developmentRegion = English;
			hasScannedForEncodings = 0;
			knownRegions = (
				en,
			);
			mainGroup = 3E0112CF14237ED50003B868;
			productRefGroup = 3E0112DB14237ED50003B868 /* Products */;
			projectDirPath = "";
			projectRoot = "";
			targets = (
				3E0112D914237ED50003B868 /* ImaKaeru */,
				3E0112FA14237ED60003B868 /* ImaKaeruTests */,
			);
		};
/* End PBXProject section */

/* Begin PBXResourcesBuildPhase section */
		3E0112D814237ED50003B868 /* Resources */ = {
			isa = PBXResourcesBuildPhase;
			buildActionMask = 2147483647;
			files = (
				3E0112E914237ED50003B868 /* InfoPlist.strings in Resources */,
				3E0113151423806E0003B868 /* MainViewController.xib in Resources */,
				3E011336142441800003B868 /* CellWithSwitch.xib in Resources */,
				3EDE02E6142468AD00490D47 /* CellWithText.xib in Resources */,
			);
			runOnlyForDeploymentPostprocessing = 0;
		};
		3E0112F814237ED60003B868 /* Resources */ = {
			isa = PBXResourcesBuildPhase;
			buildActionMask = 2147483647;
			files = (
				3E01130714237ED60003B868 /* InfoPlist.strings in Resources */,
			);
			runOnlyForDeploymentPostprocessing = 0;
		};
/* End PBXResourcesBuildPhase section */

/* Begin PBXShellScriptBuildPhase section */
		3E0112F914237ED60003B868 /* ShellScript */ = {
			isa = PBXShellScriptBuildPhase;
			buildActionMask = 2147483647;
			files = (
			);
			inputPaths = (
			);
			outputPaths = (
			);
			runOnlyForDeploymentPostprocessing = 0;
			shellPath = /bin/sh;
			shellScript = "# Run the unit tests in this test bundle.\n\"${SYSTEM_DEVELOPER_DIR}/Tools/RunUnitTests\"\n";
		};
/* End PBXShellScriptBuildPhase section */

/* Begin PBXSourcesBuildPhase section */
		3E0112D614237ED50003B868 /* Sources */ = {
			isa = PBXSourcesBuildPhase;
			buildActionMask = 2147483647;
			files = (
				3E0112EB14237ED50003B868 /* main.m in Sources */,
				3E0112EF14237ED50003B868 /* AppDelegate.m in Sources */,
				3E0112F214237ED50003B868 /* MainViewController.m in Sources */,
				3E01131A14242E0B0003B868 /* Config.m in Sources */,
				3E011339142442640003B868 /* CellWithSwitch.m in Sources */,
				3E01133C142447350003B868 /* ConfigViewController.m in Sources */,
				3EDE02EA142468E800490D47 /* CellWithText.m in Sources */,
				3EDE02F614249D8F00490D47 /* NSData+Base64.m in Sources */,
				3EDE02F714249D8F00490D47 /* OAuth+Additions.m in Sources */,
				3EDE02F814249D8F00490D47 /* OAuthCore.m in Sources */,
			);
			runOnlyForDeploymentPostprocessing = 0;
		};
		3E0112F614237ED60003B868 /* Sources */ = {
			isa = PBXSourcesBuildPhase;
			buildActionMask = 2147483647;
			files = (
				3E01130A14237ED60003B868 /* ImaKaeruTests.m in Sources */,
			);
			runOnlyForDeploymentPostprocessing = 0;
		};
/* End PBXSourcesBuildPhase section */

/* Begin PBXTargetDependency section */
		3E01130114237ED60003B868 /* PBXTargetDependency */ = {
			isa = PBXTargetDependency;
			target = 3E0112D914237ED50003B868 /* ImaKaeru */;
			targetProxy = 3E01130014237ED60003B868 /* PBXContainerItemProxy */;
		};
/* End PBXTargetDependency section */

/* Begin PBXVariantGroup section */
		3E0112E714237ED50003B868 /* InfoPlist.strings */ = {
			isa = PBXVariantGroup;
			children = (
				3E0112E814237ED50003B868 /* en */,
			);
			name = InfoPlist.strings;
			sourceTree = "<group>";
		};
		3E01130514237ED60003B868 /* InfoPlist.strings */ = {
			isa = PBXVariantGroup;
			children = (
				3E01130614237ED60003B868 /* en */,
			);
			name = InfoPlist.strings;
			sourceTree = "<group>";
		};
/* End PBXVariantGroup section */

/* Begin XCBuildConfiguration section */
		3E01130B14237ED60003B868 /* Debug */ = {
			isa = XCBuildConfiguration;
			buildSettings = {
				ALWAYS_SEARCH_USER_PATHS = NO;
				ARCHS = "$(ARCHS_STANDARD_32_BIT)";
				CLANG_ENABLE_OBJC_ARC = YES;
				"CODE_SIGN_IDENTITY[sdk=iphoneos*]" = "iPhone Developer";
				COPY_PHASE_STRIP = NO;
				GCC_C_LANGUAGE_STANDARD = gnu99;
				GCC_DYNAMIC_NO_PIC = NO;
				GCC_OPTIMIZATION_LEVEL = 0;
				GCC_PREPROCESSOR_DEFINITIONS = (
					"DEBUG=1",
					"$(inherited)",
				);
				GCC_SYMBOLS_PRIVATE_EXTERN = NO;
				GCC_VERSION = com.apple.compilers.llvm.clang.1_0;
				GCC_WARN_ABOUT_MISSING_PROTOTYPES = YES;
				GCC_WARN_ABOUT_RETURN_TYPE = YES;
				GCC_WARN_UNUSED_VARIABLE = YES;
				IPHONEOS_DEPLOYMENT_TARGET = 5.0;
				SDKROOT = iphoneos;
			};
			name = Debug;
		};
		3E01130C14237ED60003B868 /* Release */ = {
			isa = XCBuildConfiguration;
			buildSettings = {
				ALWAYS_SEARCH_USER_PATHS = NO;
				ARCHS = "$(ARCHS_STANDARD_32_BIT)";
				CLANG_ENABLE_OBJC_ARC = YES;
				"CODE_SIGN_IDENTITY[sdk=iphoneos*]" = "iPhone Developer";
				COPY_PHASE_STRIP = YES;
				GCC_C_LANGUAGE_STANDARD = gnu99;
				GCC_VERSION = com.apple.compilers.llvm.clang.1_0;
				GCC_WARN_ABOUT_MISSING_PROTOTYPES = YES;
				GCC_WARN_ABOUT_RETURN_TYPE = YES;
				GCC_WARN_UNUSED_VARIABLE = YES;
				IPHONEOS_DEPLOYMENT_TARGET = 5.0;
				OTHER_CFLAGS = "-DNS_BLOCK_ASSERTIONS=1";
				SDKROOT = iphoneos;
				VALIDATE_PRODUCT = YES;
			};
			name = Release;
		};
		3E01130E14237ED60003B868 /* Debug */ = {
			isa = XCBuildConfiguration;
			buildSettings = {
				GCC_PRECOMPILE_PREFIX_HEADER = YES;
				GCC_PREFIX_HEADER = "ImaKaeru/ImaKaeru-Prefix.pch";
				INFOPLIST_FILE = "ImaKaeru/ImaKaeru-Info.plist";
				IPHONEOS_DEPLOYMENT_TARGET = 4.0;
				PRODUCT_NAME = "$(TARGET_NAME)";
				WRAPPER_EXTENSION = app;
			};
			name = Debug;
		};
		3E01130F14237ED60003B868 /* Release */ = {
			isa = XCBuildConfiguration;
			buildSettings = {
				GCC_PRECOMPILE_PREFIX_HEADER = YES;
				GCC_PREFIX_HEADER = "ImaKaeru/ImaKaeru-Prefix.pch";
				INFOPLIST_FILE = "ImaKaeru/ImaKaeru-Info.plist";
				IPHONEOS_DEPLOYMENT_TARGET = 4.0;
				PRODUCT_NAME = "$(TARGET_NAME)";
				WRAPPER_EXTENSION = app;
			};
			name = Release;
		};
		3E01131114237ED60003B868 /* Debug */ = {
			isa = XCBuildConfiguration;
			buildSettings = {
				BUNDLE_LOADER = "$(BUILT_PRODUCTS_DIR)/ImaKaeru.app/ImaKaeru";
				FRAMEWORK_SEARCH_PATHS = (
					"$(SDKROOT)/Developer/Library/Frameworks",
					"$(DEVELOPER_LIBRARY_DIR)/Frameworks",
				);
				GCC_PRECOMPILE_PREFIX_HEADER = YES;
				GCC_PREFIX_HEADER = "ImaKaeru/ImaKaeru-Prefix.pch";
				INFOPLIST_FILE = "ImaKaeruTests/ImaKaeruTests-Info.plist";
				PRODUCT_NAME = "$(TARGET_NAME)";
				TEST_HOST = "$(BUNDLE_LOADER)";
				WRAPPER_EXTENSION = octest;
			};
			name = Debug;
		};
		3E01131214237ED60003B868 /* Release */ = {
			isa = XCBuildConfiguration;
			buildSettings = {
				BUNDLE_LOADER = "$(BUILT_PRODUCTS_DIR)/ImaKaeru.app/ImaKaeru";
				FRAMEWORK_SEARCH_PATHS = (
					"$(SDKROOT)/Developer/Library/Frameworks",
					"$(DEVELOPER_LIBRARY_DIR)/Frameworks",
				);
				GCC_PRECOMPILE_PREFIX_HEADER = YES;
				GCC_PREFIX_HEADER = "ImaKaeru/ImaKaeru-Prefix.pch";
				INFOPLIST_FILE = "ImaKaeruTests/ImaKaeruTests-Info.plist";
				PRODUCT_NAME = "$(TARGET_NAME)";
				TEST_HOST = "$(BUNDLE_LOADER)";
				WRAPPER_EXTENSION = octest;
			};
			name = Release;
		};
/* End XCBuildConfiguration section */

/* Begin XCConfigurationList section */
		3E0112D414237ED50003B868 /* Build configuration list for PBXProject "ImaKaeru" */ = {
			isa = XCConfigurationList;
			buildConfigurations = (
				3E01130B14237ED60003B868 /* Debug */,
				3E01130C14237ED60003B868 /* Release */,
			);
			defaultConfigurationIsVisible = 0;
			defaultConfigurationName = Release;
		};
		3E01130D14237ED60003B868 /* Build configuration list for PBXNativeTarget "ImaKaeru" */ = {
			isa = XCConfigurationList;
			buildConfigurations = (
				3E01130E14237ED60003B868 /* Debug */,
				3E01130F14237ED60003B868 /* Release */,
			);
			defaultConfigurationIsVisible = 0;
			defaultConfigurationName = Release;
		};
		3E01131014237ED60003B868 /* Build configuration list for PBXNativeTarget "ImaKaeruTests" */ = {
			isa = XCConfigurationList;
			buildConfigurations = (
				3E01131114237ED60003B868 /* Debug */,
				3E01131214237ED60003B868 /* Release */,
			);
			defaultConfigurationIsVisible = 0;
			defaultConfigurationName = Release;
		};
/* End XCConfigurationList section */
	};
	rootObject = 3E0112D114237ED50003B868 /* Project object */;
}
