// !$*UTF8*$!
{
	archiveVersion = 1;
	classes = {
	};
	objectVersion = 46;
	objects = {

/* Begin PBXBuildFile section */
		3E0112DF14237ED50003B868 /* UIKit.framework in Frameworks */ = {isa = PBXBuildFile; fileRef = 3E0112DE14237ED50003B868 /* UIKit.framework */; };
		3E0112E114237ED50003B868 /* Foundation.framework in Frameworks */ = {isa = PBXBuildFile; fileRef = 3E0112E014237ED50003B868 /* Foundation.framework */; };
		3E0112E314237ED50003B868 /* CoreGraphics.framework in Frameworks */ = {isa = PBXBuildFile; fileRef = 3E0112E214237ED50003B868 /* CoreGraphics.framework */; };
		3E0112FE14237ED60003B868 /* UIKit.framework in Frameworks */ = {isa = PBXBuildFile; fileRef = 3E0112DE14237ED50003B868 /* UIKit.framework */; };
		3E0112FF14237ED60003B868 /* Foundation.framework in Frameworks */ = {isa = PBXBuildFile; fileRef = 3E0112E014237ED50003B868 /* Foundation.framework */; };
		3E01130714237ED60003B868 /* InfoPlist.strings in Resources */ = {isa = PBXBuildFile; fileRef = 3E01130514237ED60003B868 /* InfoPlist.strings */; };
		3E01130A14237ED60003B868 /* ImaKaeruTests.m in Sources */ = {isa = PBXBuildFile; fileRef = 3E01130914237ED60003B868 /* ImaKaeruTests.m */; };
		3E01131714242CAD0003B868 /* iAd.framework in Frameworks */ = {isa = PBXBuildFile; fileRef = 3E01131614242CAD0003B868 /* iAd.framework */; };
		3E011334142435990003B868 /* MessageUI.framework in Frameworks */ = {isa = PBXBuildFile; fileRef = 3E011333142435990003B868 /* MessageUI.framework */; };
		3E1091C6143DBFDC003E5114 /* InfoPlist.strings in Resources */ = {isa = PBXBuildFile; fileRef = 3E1091C4143DBFDC003E5114 /* InfoPlist.strings */; };
		3E23A5191D2D4FF600CE9ADD /* GoogleService-Info.plist in Resources */ = {isa = PBXBuildFile; fileRef = 3E23A5181D2D4FF600CE9ADD /* GoogleService-Info.plist */; };
		3E29CA3A1A5C36500061CFCA /* Social.framework in Frameworks */ = {isa = PBXBuildFile; fileRef = 3E29CA391A5C36500061CFCA /* Social.framework */; };
		3E41984A1426181A00EE2CFA /* InfoViewController.m in Sources */ = {isa = PBXBuildFile; fileRef = 3E4198491426181A00EE2CFA /* InfoViewController.m */; };
		3E50588F142592F700D2FFB8 /* AppDelegate.m in Sources */ = {isa = PBXBuildFile; fileRef = 3E505882142592F700D2FFB8 /* AppDelegate.m */; };
		3E505892142592F700D2FFB8 /* Config.m in Sources */ = {isa = PBXBuildFile; fileRef = 3E505888142592F700D2FFB8 /* Config.m */; };
		3E505893142592F700D2FFB8 /* ConfigViewController.m in Sources */ = {isa = PBXBuildFile; fileRef = 3E50588A142592F700D2FFB8 /* ConfigViewController.m */; };
		3E505894142592F700D2FFB8 /* main.m in Sources */ = {isa = PBXBuildFile; fileRef = 3E50588B142592F700D2FFB8 /* main.m */; };
		3E505895142592F700D2FFB8 /* MainViewController.m in Sources */ = {isa = PBXBuildFile; fileRef = 3E50588D142592F700D2FFB8 /* MainViewController.m */; };
		3E50589D1425939E00D2FFB8 /* Localizable.strings in Resources */ = {isa = PBXBuildFile; fileRef = 3E50589F1425939E00D2FFB8 /* Localizable.strings */; };
		3E56EC5D16AA5AF60032A864 /* QuartzCore.framework in Frameworks */ = {isa = PBXBuildFile; fileRef = 3E56EC5C16AA5AF60032A864 /* QuartzCore.framework */; };
		3E56EC5F16AA5AFF0032A864 /* SystemConfiguration.framework in Frameworks */ = {isa = PBXBuildFile; fileRef = 3E56EC5E16AA5AFF0032A864 /* SystemConfiguration.framework */; };
		3E72FD8B143DACF80095EF86 /* Location.m in Sources */ = {isa = PBXBuildFile; fileRef = 3E72FD8A143DACF80095EF86 /* Location.m */; };
		3E72FD8E143DADBF0095EF86 /* CoreLocation.framework in Frameworks */ = {isa = PBXBuildFile; fileRef = 3E72FD8D143DADBE0095EF86 /* CoreLocation.framework */; };
		3E7F803F1D2D4AB000F03B11 /* LaunchImage.png in Resources */ = {isa = PBXBuildFile; fileRef = 3E7F803E1D2D4AB000F03B11 /* LaunchImage.png */; };
		3E88DD961A5C266300223FEA /* Images.xcassets in Resources */ = {isa = PBXBuildFile; fileRef = 3E88DD951A5C266300223FEA /* Images.xcassets */; };
		3E88DD981A5C276200223FEA /* Launch Screen.xib in Resources */ = {isa = PBXBuildFile; fileRef = 3E88DD971A5C276200223FEA /* Launch Screen.xib */; };
		3EB5919E143C96F600D4858E /* Accounts.framework in Frameworks */ = {isa = PBXBuildFile; fileRef = 3EB5919D143C96F600D4858E /* Accounts.framework */; };
		3ECCEB4A1A640F1800F7DD84 /* AdSupport.framework in Frameworks */ = {isa = PBXBuildFile; fileRef = 3ECCEB491A640F1800F7DD84 /* AdSupport.framework */; };
		3ECCEB4C1A640F2400F7DD84 /* AudioToolbox.framework in Frameworks */ = {isa = PBXBuildFile; fileRef = 3ECCEB4B1A640F2400F7DD84 /* AudioToolbox.framework */; };
		3ECCEB4E1A640F3900F7DD84 /* AVFoundation.framework in Frameworks */ = {isa = PBXBuildFile; fileRef = 3ECCEB4D1A640F3900F7DD84 /* AVFoundation.framework */; };
		3ECCEB501A640F4700F7DD84 /* CoreFoundation.framework in Frameworks */ = {isa = PBXBuildFile; fileRef = 3ECCEB4F1A640F4700F7DD84 /* CoreFoundation.framework */; };
		3ECCEB521A640F6900F7DD84 /* CoreTelephony.framework in Frameworks */ = {isa = PBXBuildFile; fileRef = 3ECCEB511A640F6900F7DD84 /* CoreTelephony.framework */; };
		3ECCEB541A640F7700F7DD84 /* EventKit.framework in Frameworks */ = {isa = PBXBuildFile; fileRef = 3ECCEB531A640F7700F7DD84 /* EventKit.framework */; };
		3ECCEB561A640F8200F7DD84 /* EventKitUI.framework in Frameworks */ = {isa = PBXBuildFile; fileRef = 3ECCEB551A640F8200F7DD84 /* EventKitUI.framework */; };
		3EE691011424DAF100215A36 /* libxml2.dylib in Frameworks */ = {isa = PBXBuildFile; fileRef = 3EE691001424DAF100215A36 /* libxml2.dylib */; };
		3EE691371424E43100215A36 /* Security.framework in Frameworks */ = {isa = PBXBuildFile; fileRef = 3EE691361424E43100215A36 /* Security.framework */; };
		3EFF5DEF143FF5F400319C2E /* MainStoryboard.storyboard in Resources */ = {isa = PBXBuildFile; fileRef = 3EFF5DEE143FF5F400319C2E /* MainStoryboard.storyboard */; };
		8DC477267FBC550035548D03 /* libPods-ImaKaeruTests.a in Frameworks */ = {isa = PBXBuildFile; fileRef = 8028AC63AD07320F1545F4BF /* libPods-ImaKaeruTests.a */; };
		FF9D7C91C8A9A20C06583DE6 /* libPods-ImaKaeru.a in Frameworks */ = {isa = PBXBuildFile; fileRef = 99FB89D73CEEF2671556C024 /* libPods-ImaKaeru.a */; };
/* End PBXBuildFile section */

/* Begin PBXContainerItemProxy section */
		3E01130014237ED60003B868 /* PBXContainerItemProxy */ = {
			isa = PBXContainerItemProxy;
			containerPortal = 3E0112D114237ED50003B868 /* Project object */;
			proxyType = 1;
			remoteGlobalIDString = 3E0112D914237ED50003B868;
			remoteInfo = ImaKaeru;
		};
/* End PBXContainerItemProxy section */

/* Begin PBXFileReference section */
		3E0112DA14237ED50003B868 /* ImaKaeru.app */ = {isa = PBXFileReference; explicitFileType = wrapper.application; includeInIndex = 0; path = ImaKaeru.app; sourceTree = BUILT_PRODUCTS_DIR; };
		3E0112DE14237ED50003B868 /* UIKit.framework */ = {isa = PBXFileReference; lastKnownFileType = wrapper.framework; name = UIKit.framework; path = System/Library/Frameworks/UIKit.framework; sourceTree = SDKROOT; };
		3E0112E014237ED50003B868 /* Foundation.framework */ = {isa = PBXFileReference; lastKnownFileType = wrapper.framework; name = Foundation.framework; path = System/Library/Frameworks/Foundation.framework; sourceTree = SDKROOT; };
		3E0112E214237ED50003B868 /* CoreGraphics.framework */ = {isa = PBXFileReference; lastKnownFileType = wrapper.framework; name = CoreGraphics.framework; path = System/Library/Frameworks/CoreGraphics.framework; sourceTree = SDKROOT; };
		3E0112E614237ED50003B868 /* ImaKaeru-Info.plist */ = {isa = PBXFileReference; fileEncoding = 4; lastKnownFileType = text.plist.xml; path = "ImaKaeru-Info.plist"; sourceTree = "<group>"; };
		3E0112EC14237ED50003B868 /* ImaKaeru-Prefix.pch */ = {isa = PBXFileReference; lastKnownFileType = sourcecode.c.h; path = "ImaKaeru-Prefix.pch"; sourceTree = "<group>"; };
		3E0112FB14237ED60003B868 /* ImaKaeruTests.xctest */ = {isa = PBXFileReference; explicitFileType = wrapper.cfbundle; includeInIndex = 0; path = ImaKaeruTests.xctest; sourceTree = BUILT_PRODUCTS_DIR; };
		3E01130414237ED60003B868 /* ImaKaeruTests-Info.plist */ = {isa = PBXFileReference; lastKnownFileType = text.plist.xml; path = "ImaKaeruTests-Info.plist"; sourceTree = "<group>"; };
		3E01130614237ED60003B868 /* en */ = {isa = PBXFileReference; lastKnownFileType = text.plist.strings; name = en; path = en.lproj/InfoPlist.strings; sourceTree = "<group>"; };
		3E01130814237ED60003B868 /* ImaKaeruTests.h */ = {isa = PBXFileReference; lastKnownFileType = sourcecode.c.h; path = ImaKaeruTests.h; sourceTree = "<group>"; };
		3E01130914237ED60003B868 /* ImaKaeruTests.m */ = {isa = PBXFileReference; lastKnownFileType = sourcecode.c.objc; path = ImaKaeruTests.m; sourceTree = "<group>"; };
		3E01131614242CAD0003B868 /* iAd.framework */ = {isa = PBXFileReference; lastKnownFileType = wrapper.framework; name = iAd.framework; path = System/Library/Frameworks/iAd.framework; sourceTree = SDKROOT; };
		3E011333142435990003B868 /* MessageUI.framework */ = {isa = PBXFileReference; lastKnownFileType = wrapper.framework; name = MessageUI.framework; path = System/Library/Frameworks/MessageUI.framework; sourceTree = SDKROOT; };
		3E1091C5143DBFDC003E5114 /* en */ = {isa = PBXFileReference; lastKnownFileType = text.plist.strings; name = en; path = Locale/en.lproj/InfoPlist.strings; sourceTree = "<group>"; };
		3E1091C7143DBFEA003E5114 /* ja */ = {isa = PBXFileReference; lastKnownFileType = text.plist.strings; name = ja; path = Locale/ja.lproj/InfoPlist.strings; sourceTree = "<group>"; };
		3E23A5181D2D4FF600CE9ADD /* GoogleService-Info.plist */ = {isa = PBXFileReference; fileEncoding = 4; lastKnownFileType = text.plist.xml; path = "GoogleService-Info.plist"; sourceTree = "<group>"; };
		3E29CA391A5C36500061CFCA /* Social.framework */ = {isa = PBXFileReference; lastKnownFileType = wrapper.framework; name = Social.framework; path = System/Library/Frameworks/Social.framework; sourceTree = SDKROOT; };
		3E4198481426181A00EE2CFA /* InfoViewController.h */ = {isa = PBXFileReference; fileEncoding = 4; lastKnownFileType = sourcecode.c.h; path = InfoViewController.h; sourceTree = "<group>"; };
		3E4198491426181A00EE2CFA /* InfoViewController.m */ = {isa = PBXFileReference; fileEncoding = 4; lastKnownFileType = sourcecode.c.objc; path = InfoViewController.m; sourceTree = "<group>"; };
		3E505881142592F700D2FFB8 /* AppDelegate.h */ = {isa = PBXFileReference; fileEncoding = 4; lastKnownFileType = sourcecode.c.h; path = AppDelegate.h; sourceTree = "<group>"; };
		3E505882142592F700D2FFB8 /* AppDelegate.m */ = {isa = PBXFileReference; fileEncoding = 4; lastKnownFileType = sourcecode.c.objc; path = AppDelegate.m; sourceTree = "<group>"; };
		3E505887142592F700D2FFB8 /* Config.h */ = {isa = PBXFileReference; fileEncoding = 4; lastKnownFileType = sourcecode.c.h; path = Config.h; sourceTree = "<group>"; };
		3E505888142592F700D2FFB8 /* Config.m */ = {isa = PBXFileReference; fileEncoding = 4; lastKnownFileType = sourcecode.c.objc; path = Config.m; sourceTree = "<group>"; };
		3E505889142592F700D2FFB8 /* ConfigViewController.h */ = {isa = PBXFileReference; fileEncoding = 4; lastKnownFileType = sourcecode.c.h; path = ConfigViewController.h; sourceTree = "<group>"; };
		3E50588A142592F700D2FFB8 /* ConfigViewController.m */ = {isa = PBXFileReference; fileEncoding = 4; lastKnownFileType = sourcecode.c.objc; path = ConfigViewController.m; sourceTree = "<group>"; };
		3E50588B142592F700D2FFB8 /* main.m */ = {isa = PBXFileReference; fileEncoding = 4; lastKnownFileType = sourcecode.c.objc; name = main.m; path = Classes/main.m; sourceTree = "<group>"; };
		3E50588C142592F700D2FFB8 /* MainViewController.h */ = {isa = PBXFileReference; fileEncoding = 4; lastKnownFileType = sourcecode.c.h; path = MainViewController.h; sourceTree = "<group>"; };
		3E50588D142592F700D2FFB8 /* MainViewController.m */ = {isa = PBXFileReference; fileEncoding = 4; lastKnownFileType = sourcecode.c.objc; path = MainViewController.m; sourceTree = "<group>"; };
		3E50589E1425939E00D2FFB8 /* en */ = {isa = PBXFileReference; fileEncoding = 4; lastKnownFileType = text.plist.strings; name = en; path = en.lproj/Localizable.strings; sourceTree = "<group>"; };
		3E5058A0142593A800D2FFB8 /* ja */ = {isa = PBXFileReference; fileEncoding = 4; lastKnownFileType = text.plist.strings; name = ja; path = ja.lproj/Localizable.strings; sourceTree = "<group>"; };
		3E5058AB1425952200D2FFB8 /* Common.h */ = {isa = PBXFileReference; fileEncoding = 4; lastKnownFileType = sourcecode.c.h; path = Common.h; sourceTree = "<group>"; };
		3E56EC5C16AA5AF60032A864 /* QuartzCore.framework */ = {isa = PBXFileReference; lastKnownFileType = wrapper.framework; name = QuartzCore.framework; path = System/Library/Frameworks/QuartzCore.framework; sourceTree = SDKROOT; };
		3E56EC5E16AA5AFF0032A864 /* SystemConfiguration.framework */ = {isa = PBXFileReference; lastKnownFileType = wrapper.framework; name = SystemConfiguration.framework; path = System/Library/Frameworks/SystemConfiguration.framework; sourceTree = SDKROOT; };
		3E72FD89143DACF80095EF86 /* Location.h */ = {isa = PBXFileReference; fileEncoding = 4; lastKnownFileType = sourcecode.c.h; path = Location.h; sourceTree = "<group>"; };
		3E72FD8A143DACF80095EF86 /* Location.m */ = {isa = PBXFileReference; fileEncoding = 4; lastKnownFileType = sourcecode.c.objc; path = Location.m; sourceTree = "<group>"; };
		3E72FD8D143DADBE0095EF86 /* CoreLocation.framework */ = {isa = PBXFileReference; lastKnownFileType = wrapper.framework; name = CoreLocation.framework; path = System/Library/Frameworks/CoreLocation.framework; sourceTree = SDKROOT; };
		3E7F803E1D2D4AB000F03B11 /* LaunchImage.png */ = {isa = PBXFileReference; lastKnownFileType = image.png; path = LaunchImage.png; sourceTree = "<group>"; };
		3E88DD951A5C266300223FEA /* Images.xcassets */ = {isa = PBXFileReference; lastKnownFileType = folder.assetcatalog; name = Images.xcassets; path = ImaKaeru/Images.xcassets; sourceTree = SOURCE_ROOT; };
		3E88DD971A5C276200223FEA /* Launch Screen.xib */ = {isa = PBXFileReference; fileEncoding = 4; lastKnownFileType = file.xib; path = "Launch Screen.xib"; sourceTree = "<group>"; };
		3EB5919D143C96F600D4858E /* Accounts.framework */ = {isa = PBXFileReference; lastKnownFileType = wrapper.framework; name = Accounts.framework; path = System/Library/Frameworks/Accounts.framework; sourceTree = SDKROOT; };
		3ECCEB491A640F1800F7DD84 /* AdSupport.framework */ = {isa = PBXFileReference; lastKnownFileType = wrapper.framework; name = AdSupport.framework; path = System/Library/Frameworks/AdSupport.framework; sourceTree = SDKROOT; };
		3ECCEB4B1A640F2400F7DD84 /* AudioToolbox.framework */ = {isa = PBXFileReference; lastKnownFileType = wrapper.framework; name = AudioToolbox.framework; path = System/Library/Frameworks/AudioToolbox.framework; sourceTree = SDKROOT; };
		3ECCEB4D1A640F3900F7DD84 /* AVFoundation.framework */ = {isa = PBXFileReference; lastKnownFileType = wrapper.framework; name = AVFoundation.framework; path = System/Library/Frameworks/AVFoundation.framework; sourceTree = SDKROOT; };
		3ECCEB4F1A640F4700F7DD84 /* CoreFoundation.framework */ = {isa = PBXFileReference; lastKnownFileType = wrapper.framework; name = CoreFoundation.framework; path = System/Library/Frameworks/CoreFoundation.framework; sourceTree = SDKROOT; };
		3ECCEB511A640F6900F7DD84 /* CoreTelephony.framework */ = {isa = PBXFileReference; lastKnownFileType = wrapper.framework; name = CoreTelephony.framework; path = System/Library/Frameworks/CoreTelephony.framework; sourceTree = SDKROOT; };
		3ECCEB531A640F7700F7DD84 /* EventKit.framework */ = {isa = PBXFileReference; lastKnownFileType = wrapper.framework; name = EventKit.framework; path = System/Library/Frameworks/EventKit.framework; sourceTree = SDKROOT; };
		3ECCEB551A640F8200F7DD84 /* EventKitUI.framework */ = {isa = PBXFileReference; lastKnownFileType = wrapper.framework; name = EventKitUI.framework; path = System/Library/Frameworks/EventKitUI.framework; sourceTree = SDKROOT; };
		3EE691001424DAF100215A36 /* libxml2.dylib */ = {isa = PBXFileReference; lastKnownFileType = "compiled.mach-o.dylib"; name = libxml2.dylib; path = usr/lib/libxml2.dylib; sourceTree = SDKROOT; };
		3EE691361424E43100215A36 /* Security.framework */ = {isa = PBXFileReference; lastKnownFileType = wrapper.framework; name = Security.framework; path = System/Library/Frameworks/Security.framework; sourceTree = SDKROOT; };
		3EFF5DEE143FF5F400319C2E /* MainStoryboard.storyboard */ = {isa = PBXFileReference; fileEncoding = 4; lastKnownFileType = file.storyboard; path = MainStoryboard.storyboard; sourceTree = "<group>"; };
		46EB5A93377433996AA36C22 /* Pods-ImaKaeru.release.xcconfig */ = {isa = PBXFileReference; includeInIndex = 1; lastKnownFileType = text.xcconfig; name = "Pods-ImaKaeru.release.xcconfig"; path = "Pods/Target Support Files/Pods-ImaKaeru/Pods-ImaKaeru.release.xcconfig"; sourceTree = "<group>"; };
		8028AC63AD07320F1545F4BF /* libPods-ImaKaeruTests.a */ = {isa = PBXFileReference; explicitFileType = archive.ar; includeInIndex = 0; path = "libPods-ImaKaeruTests.a"; sourceTree = BUILT_PRODUCTS_DIR; };
		99FB89D73CEEF2671556C024 /* libPods-ImaKaeru.a */ = {isa = PBXFileReference; explicitFileType = archive.ar; includeInIndex = 0; path = "libPods-ImaKaeru.a"; sourceTree = BUILT_PRODUCTS_DIR; };
		9EB763AC0624ADBC924B94EA /* Pods-ImaKaeruTests.release.xcconfig */ = {isa = PBXFileReference; includeInIndex = 1; lastKnownFileType = text.xcconfig; name = "Pods-ImaKaeruTests.release.xcconfig"; path = "Pods/Target Support Files/Pods-ImaKaeruTests/Pods-ImaKaeruTests.release.xcconfig"; sourceTree = "<group>"; };
		A0A812474FC467C6E5531FF8 /* Pods-ImaKaeruTests.debug.xcconfig */ = {isa = PBXFileReference; includeInIndex = 1; lastKnownFileType = text.xcconfig; name = "Pods-ImaKaeruTests.debug.xcconfig"; path = "Pods/Target Support Files/Pods-ImaKaeruTests/Pods-ImaKaeruTests.debug.xcconfig"; sourceTree = "<group>"; };
		DBD26E32AD2D5D1180C63D61 /* Pods-ImaKaeru.debug.xcconfig */ = {isa = PBXFileReference; includeInIndex = 1; lastKnownFileType = text.xcconfig; name = "Pods-ImaKaeru.debug.xcconfig"; path = "Pods/Target Support Files/Pods-ImaKaeru/Pods-ImaKaeru.debug.xcconfig"; sourceTree = "<group>"; };
/* End PBXFileReference section */

/* Begin PBXFrameworksBuildPhase section */
		3E0112D714237ED50003B868 /* Frameworks */ = {
			isa = PBXFrameworksBuildPhase;
			buildActionMask = 2147483647;
			files = (
				3ECCEB4A1A640F1800F7DD84 /* AdSupport.framework in Frameworks */,
				3ECCEB4C1A640F2400F7DD84 /* AudioToolbox.framework in Frameworks */,
				3ECCEB4E1A640F3900F7DD84 /* AVFoundation.framework in Frameworks */,
				3ECCEB501A640F4700F7DD84 /* CoreFoundation.framework in Frameworks */,
				3E0112E314237ED50003B868 /* CoreGraphics.framework in Frameworks */,
				3ECCEB521A640F6900F7DD84 /* CoreTelephony.framework in Frameworks */,
				3ECCEB541A640F7700F7DD84 /* EventKit.framework in Frameworks */,
				3ECCEB561A640F8200F7DD84 /* EventKitUI.framework in Frameworks */,
				3E011334142435990003B868 /* MessageUI.framework in Frameworks */,
				3E56EC5F16AA5AFF0032A864 /* SystemConfiguration.framework in Frameworks */,
				3E29CA3A1A5C36500061CFCA /* Social.framework in Frameworks */,
				3E56EC5D16AA5AF60032A864 /* QuartzCore.framework in Frameworks */,
				3E72FD8E143DADBF0095EF86 /* CoreLocation.framework in Frameworks */,
				3EB5919E143C96F600D4858E /* Accounts.framework in Frameworks */,
				3EE691371424E43100215A36 /* Security.framework in Frameworks */,
				3EE691011424DAF100215A36 /* libxml2.dylib in Frameworks */,
				3E01131714242CAD0003B868 /* iAd.framework in Frameworks */,
				3E0112DF14237ED50003B868 /* UIKit.framework in Frameworks */,
				3E0112E114237ED50003B868 /* Foundation.framework in Frameworks */,
				FF9D7C91C8A9A20C06583DE6 /* libPods-ImaKaeru.a in Frameworks */,
			);
			runOnlyForDeploymentPostprocessing = 0;
		};
		3E0112F714237ED60003B868 /* Frameworks */ = {
			isa = PBXFrameworksBuildPhase;
			buildActionMask = 2147483647;
			files = (
				3E0112FE14237ED60003B868 /* UIKit.framework in Frameworks */,
				3E0112FF14237ED60003B868 /* Foundation.framework in Frameworks */,
				8DC477267FBC550035548D03 /* libPods-ImaKaeruTests.a in Frameworks */,
			);
			runOnlyForDeploymentPostprocessing = 0;
		};
/* End PBXFrameworksBuildPhase section */

/* Begin PBXGroup section */
		3E0112CF14237ED50003B868 = {
			isa = PBXGroup;
			children = (
				3E0112E414237ED50003B868 /* ImaKaeru */,
				3E01130214237ED60003B868 /* ImaKaeruTests */,
				3E56EC5516AA5A300032A864 /* Libraries */,
				3E0112DD14237ED50003B868 /* Frameworks */,
				3E0112DB14237ED50003B868 /* Products */,
				684DFEC7BF360935E4D3DA61 /* Pods */,
			);
			sourceTree = "<group>";
		};
		3E0112DB14237ED50003B868 /* Products */ = {
			isa = PBXGroup;
			children = (
				3E0112DA14237ED50003B868 /* ImaKaeru.app */,
				3E0112FB14237ED60003B868 /* ImaKaeruTests.xctest */,
			);
			name = Products;
			sourceTree = "<group>";
		};
		3E0112DD14237ED50003B868 /* Frameworks */ = {
			isa = PBXGroup;
			children = (
				3ECCEB551A640F8200F7DD84 /* EventKitUI.framework */,
				3ECCEB531A640F7700F7DD84 /* EventKit.framework */,
				3ECCEB511A640F6900F7DD84 /* CoreTelephony.framework */,
				3ECCEB4F1A640F4700F7DD84 /* CoreFoundation.framework */,
				3ECCEB4D1A640F3900F7DD84 /* AVFoundation.framework */,
				3ECCEB4B1A640F2400F7DD84 /* AudioToolbox.framework */,
				3ECCEB491A640F1800F7DD84 /* AdSupport.framework */,
				3E29CA391A5C36500061CFCA /* Social.framework */,
				3E56EC5C16AA5AF60032A864 /* QuartzCore.framework */,
				3E56EC5E16AA5AFF0032A864 /* SystemConfiguration.framework */,
				3E72FD8D143DADBE0095EF86 /* CoreLocation.framework */,
				3EB5919D143C96F600D4858E /* Accounts.framework */,
				3EE691001424DAF100215A36 /* libxml2.dylib */,
				3EE691361424E43100215A36 /* Security.framework */,
				3E011333142435990003B868 /* MessageUI.framework */,
				3E01131614242CAD0003B868 /* iAd.framework */,
				3E0112DE14237ED50003B868 /* UIKit.framework */,
				3E0112E014237ED50003B868 /* Foundation.framework */,
				3E0112E214237ED50003B868 /* CoreGraphics.framework */,
				99FB89D73CEEF2671556C024 /* libPods-ImaKaeru.a */,
				8028AC63AD07320F1545F4BF /* libPods-ImaKaeruTests.a */,
			);
			name = Frameworks;
			sourceTree = "<group>";
		};
		3E0112E414237ED50003B868 /* ImaKaeru */ = {
			isa = PBXGroup;
			children = (
				3E50587E1425922D00D2FFB8 /* Classes */,
				3E011313142380240003B868 /* Resources */,
				3EF8BC16142DD4DB004D3FFC /* Images */,
				3E50587F1425924400D2FFB8 /* Locale */,
				3E0112E514237ED50003B868 /* Supporting Files */,
			);
			path = ImaKaeru;
			sourceTree = "<group>";
		};
		3E0112E514237ED50003B868 /* Supporting Files */ = {
			isa = PBXGroup;
			children = (
				3E23A5181D2D4FF600CE9ADD /* GoogleService-Info.plist */,
				3E1091C4143DBFDC003E5114 /* InfoPlist.strings */,
				3E0112E614237ED50003B868 /* ImaKaeru-Info.plist */,
				3E50588B142592F700D2FFB8 /* main.m */,
				3E0112EC14237ED50003B868 /* ImaKaeru-Prefix.pch */,
			);
			name = "Supporting Files";
			sourceTree = "<group>";
		};
		3E01130214237ED60003B868 /* ImaKaeruTests */ = {
			isa = PBXGroup;
			children = (
				3E01130814237ED60003B868 /* ImaKaeruTests.h */,
				3E01130914237ED60003B868 /* ImaKaeruTests.m */,
				3E01130314237ED60003B868 /* Supporting Files */,
			);
			path = ImaKaeruTests;
			sourceTree = "<group>";
		};
		3E01130314237ED60003B868 /* Supporting Files */ = {
			isa = PBXGroup;
			children = (
				3E01130414237ED60003B868 /* ImaKaeruTests-Info.plist */,
				3E01130514237ED60003B868 /* InfoPlist.strings */,
			);
			name = "Supporting Files";
			sourceTree = "<group>";
		};
		3E011313142380240003B868 /* Resources */ = {
			isa = PBXGroup;
			children = (
				3EFF5DEE143FF5F400319C2E /* MainStoryboard.storyboard */,
				3E88DD971A5C276200223FEA /* Launch Screen.xib */,
			);
			path = Resources;
			sourceTree = "<group>";
		};
		3E50587E1425922D00D2FFB8 /* Classes */ = {
			isa = PBXGroup;
			children = (
				3E505881142592F700D2FFB8 /* AppDelegate.h */,
				3E505882142592F700D2FFB8 /* AppDelegate.m */,
				3E5058AB1425952200D2FFB8 /* Common.h */,
				3E50588C142592F700D2FFB8 /* MainViewController.h */,
				3E50588D142592F700D2FFB8 /* MainViewController.m */,
				3E505887142592F700D2FFB8 /* Config.h */,
				3E505888142592F700D2FFB8 /* Config.m */,
				3E505889142592F700D2FFB8 /* ConfigViewController.h */,
				3E50588A142592F700D2FFB8 /* ConfigViewController.m */,
				3E72FD89143DACF80095EF86 /* Location.h */,
				3E72FD8A143DACF80095EF86 /* Location.m */,
				3E4198481426181A00EE2CFA /* InfoViewController.h */,
				3E4198491426181A00EE2CFA /* InfoViewController.m */,
			);
			path = Classes;
			sourceTree = "<group>";
		};
		3E50587F1425924400D2FFB8 /* Locale */ = {
			isa = PBXGroup;
			children = (
				3E50589F1425939E00D2FFB8 /* Localizable.strings */,
			);
			path = Locale;
			sourceTree = "<group>";
		};
		3E56EC5516AA5A300032A864 /* Libraries */ = {
			isa = PBXGroup;
			children = (
			);
			name = Libraries;
			sourceTree = "<group>";
		};
		3EF8BC16142DD4DB004D3FFC /* Images */ = {
			isa = PBXGroup;
			children = (
				3E7F803E1D2D4AB000F03B11 /* LaunchImage.png */,
				3E88DD951A5C266300223FEA /* Images.xcassets */,
			);
			path = Images;
			sourceTree = "<group>";
		};
		684DFEC7BF360935E4D3DA61 /* Pods */ = {
			isa = PBXGroup;
			children = (
				DBD26E32AD2D5D1180C63D61 /* Pods-ImaKaeru.debug.xcconfig */,
				46EB5A93377433996AA36C22 /* Pods-ImaKaeru.release.xcconfig */,
				A0A812474FC467C6E5531FF8 /* Pods-ImaKaeruTests.debug.xcconfig */,
				9EB763AC0624ADBC924B94EA /* Pods-ImaKaeruTests.release.xcconfig */,
			);
			name = Pods;
			sourceTree = "<group>";
		};
/* End PBXGroup section */

/* Begin PBXNativeTarget section */
		3E0112D914237ED50003B868 /* ImaKaeru */ = {
			isa = PBXNativeTarget;
			buildConfigurationList = 3E01130D14237ED60003B868 /* Build configuration list for PBXNativeTarget "ImaKaeru" */;
			buildPhases = (
				4248DED310E3D351D42CBCC9 /* [CP] Check Pods Manifest.lock */,
				3E0112D614237ED50003B868 /* Sources */,
				3E0112D714237ED50003B868 /* Frameworks */,
				3E0112D814237ED50003B868 /* Resources */,
				3EDB6A1D1A5C314B0030DEB3 /* ShellScript */,
				CA8C8408119F625DB5C750F3 /* [CP] Embed Pods Frameworks */,
				1348D2EAB9D1CAAB90B9BD62 /* [CP] Copy Pods Resources */,
			);
			buildRules = (
			);
			dependencies = (
			);
			name = ImaKaeru;
			productName = ImaKaeru;
			productReference = 3E0112DA14237ED50003B868 /* ImaKaeru.app */;
			productType = "com.apple.product-type.application";
		};
		3E0112FA14237ED60003B868 /* ImaKaeruTests */ = {
			isa = PBXNativeTarget;
			buildConfigurationList = 3E01131014237ED60003B868 /* Build configuration list for PBXNativeTarget "ImaKaeruTests" */;
			buildPhases = (
				33CC9C298586C5C383E6F1C5 /* [CP] Check Pods Manifest.lock */,
				3E0112F614237ED60003B868 /* Sources */,
				3E0112F714237ED60003B868 /* Frameworks */,
				3E0112F814237ED60003B868 /* Resources */,
				3E0112F914237ED60003B868 /* ShellScript */,
				9B94AB6E697795F5D504B08E /* [CP] Embed Pods Frameworks */,
				9B50D154B9E65645A4C75029 /* [CP] Copy Pods Resources */,
			);
			buildRules = (
			);
			dependencies = (
				3E01130114237ED60003B868 /* PBXTargetDependency */,
			);
			name = ImaKaeruTests;
			productName = ImaKaeruTests;
			productReference = 3E0112FB14237ED60003B868 /* ImaKaeruTests.xctest */;
			productType = "com.apple.product-type.bundle.unit-test";
		};
/* End PBXNativeTarget section */

/* Begin PBXProject section */
		3E0112D114237ED50003B868 /* Project object */ = {
			isa = PBXProject;
			attributes = {
				LastTestingUpgradeCheck = 0610;
				LastUpgradeCheck = 0730;
				TargetAttributes = {
					3E0112D914237ED50003B868 = {
						DevelopmentTeam = 5HUHR3STUG;
						SystemCapabilities = {
							com.apple.InAppPurchase = {
								enabled = 0;
							};
						};
					};
				};
			};
			buildConfigurationList = 3E0112D414237ED50003B868 /* Build configuration list for PBXProject "ImaKaeru" */;
			compatibilityVersion = "Xcode 3.2";
			developmentRegion = English;
			hasScannedForEncodings = 0;
			knownRegions = (
				en,
				ja,
			);
			mainGroup = 3E0112CF14237ED50003B868;
			productRefGroup = 3E0112DB14237ED50003B868 /* Products */;
			projectDirPath = "";
			projectRoot = "";
			targets = (
				3E0112D914237ED50003B868 /* ImaKaeru */,
				3E0112FA14237ED60003B868 /* ImaKaeruTests */,
			);
		};
/* End PBXProject section */

/* Begin PBXResourcesBuildPhase section */
		3E0112D814237ED50003B868 /* Resources */ = {
			isa = PBXResourcesBuildPhase;
			buildActionMask = 2147483647;
			files = (
				3E50589D1425939E00D2FFB8 /* Localizable.strings in Resources */,
				3E88DD981A5C276200223FEA /* Launch Screen.xib in Resources */,
				3E7F803F1D2D4AB000F03B11 /* LaunchImage.png in Resources */,
				3E88DD961A5C266300223FEA /* Images.xcassets in Resources */,
				3E1091C6143DBFDC003E5114 /* InfoPlist.strings in Resources */,
				3EFF5DEF143FF5F400319C2E /* MainStoryboard.storyboard in Resources */,
				3E23A5191D2D4FF600CE9ADD /* GoogleService-Info.plist in Resources */,
			);
			runOnlyForDeploymentPostprocessing = 0;
		};
		3E0112F814237ED60003B868 /* Resources */ = {
			isa = PBXResourcesBuildPhase;
			buildActionMask = 2147483647;
			files = (
				3E01130714237ED60003B868 /* InfoPlist.strings in Resources */,
			);
			runOnlyForDeploymentPostprocessing = 0;
		};
/* End PBXResourcesBuildPhase section */

/* Begin PBXShellScriptBuildPhase section */
		1348D2EAB9D1CAAB90B9BD62 /* [CP] Copy Pods Resources */ = {
			isa = PBXShellScriptBuildPhase;
			buildActionMask = 2147483647;
			files = (
			);
			inputPaths = (
			);
			name = "[CP] Copy Pods Resources";
			outputPaths = (
			);
			runOnlyForDeploymentPostprocessing = 0;
			shellPath = /bin/sh;
			shellScript = "\"${SRCROOT}/Pods/Target Support Files/Pods-ImaKaeru/Pods-ImaKaeru-resources.sh\"\n";
			showEnvVarsInLog = 0;
		};
		33CC9C298586C5C383E6F1C5 /* [CP] Check Pods Manifest.lock */ = {
			isa = PBXShellScriptBuildPhase;
			buildActionMask = 2147483647;
			files = (
			);
			inputPaths = (
			);
			name = "[CP] Check Pods Manifest.lock";
			outputPaths = (
			);
			runOnlyForDeploymentPostprocessing = 0;
			shellPath = /bin/sh;
			shellScript = "diff \"${PODS_ROOT}/../Podfile.lock\" \"${PODS_ROOT}/Manifest.lock\" > /dev/null\nif [[ $? != 0 ]] ; then\n    cat << EOM\nerror: The sandbox is not in sync with the Podfile.lock. Run 'pod install' or update your CocoaPods installation.\nEOM\n    exit 1\nfi\n";
			showEnvVarsInLog = 0;
		};
		3E0112F914237ED60003B868 /* ShellScript */ = {
			isa = PBXShellScriptBuildPhase;
			buildActionMask = 2147483647;
			files = (
			);
			inputPaths = (
			);
			outputPaths = (
			);
			runOnlyForDeploymentPostprocessing = 0;
			shellPath = /bin/sh;
			shellScript = "# Run the unit tests in this test bundle.\n\"${SYSTEM_DEVELOPER_DIR}/Tools/RunUnitTests\"\n";
		};
		3EDB6A1D1A5C314B0030DEB3 /* ShellScript */ = {
			isa = PBXShellScriptBuildPhase;
			buildActionMask = 2147483647;
			files = (
			);
			inputPaths = (
			);
			outputPaths = (
			);
			runOnlyForDeploymentPostprocessing = 0;
			shellPath = /bin/sh;
			shellScript = "\"${PODS_ROOT}/Fabric/run\" 532ecad9ca165fccdfe2d04c731d6b7449375147 4a1b9ec5d0af491383edc13d851e0e4636e4845c4b8e468c5df8c445c1f917db";
		};
		4248DED310E3D351D42CBCC9 /* [CP] Check Pods Manifest.lock */ = {
			isa = PBXShellScriptBuildPhase;
			buildActionMask = 2147483647;
			files = (
			);
			inputPaths = (
			);
			name = "[CP] Check Pods Manifest.lock";
			outputPaths = (
			);
			runOnlyForDeploymentPostprocessing = 0;
			shellPath = /bin/sh;
			shellScript = "diff \"${PODS_ROOT}/../Podfile.lock\" \"${PODS_ROOT}/Manifest.lock\" > /dev/null\nif [[ $? != 0 ]] ; then\n    cat << EOM\nerror: The sandbox is not in sync with the Podfile.lock. Run 'pod install' or update your CocoaPods installation.\nEOM\n    exit 1\nfi\n";
			showEnvVarsInLog = 0;
		};
		9B50D154B9E65645A4C75029 /* [CP] Copy Pods Resources */ = {
			isa = PBXShellScriptBuildPhase;
			buildActionMask = 2147483647;
			files = (
			);
			inputPaths = (
			);
			name = "[CP] Copy Pods Resources";
			outputPaths = (
			);
			runOnlyForDeploymentPostprocessing = 0;
			shellPath = /bin/sh;
			shellScript = "\"${SRCROOT}/Pods/Target Support Files/Pods-ImaKaeruTests/Pods-ImaKaeruTests-resources.sh\"\n";
			showEnvVarsInLog = 0;
		};
		9B94AB6E697795F5D504B08E /* [CP] Embed Pods Frameworks */ = {
			isa = PBXShellScriptBuildPhase;
			buildActionMask = 2147483647;
			files = (
			);
			inputPaths = (
			);
			name = "[CP] Embed Pods Frameworks";
			outputPaths = (
			);
			runOnlyForDeploymentPostprocessing = 0;
			shellPath = /bin/sh;
			shellScript = "\"${SRCROOT}/Pods/Target Support Files/Pods-ImaKaeruTests/Pods-ImaKaeruTests-frameworks.sh\"\n";
			showEnvVarsInLog = 0;
		};
		CA8C8408119F625DB5C750F3 /* [CP] Embed Pods Frameworks */ = {
			isa = PBXShellScriptBuildPhase;
			buildActionMask = 2147483647;
			files = (
			);
			inputPaths = (
			);
			name = "[CP] Embed Pods Frameworks";
			outputPaths = (
			);
			runOnlyForDeploymentPostprocessing = 0;
			shellPath = /bin/sh;
			shellScript = "\"${SRCROOT}/Pods/Target Support Files/Pods-ImaKaeru/Pods-ImaKaeru-frameworks.sh\"\n";
			showEnvVarsInLog = 0;
		};
/* End PBXShellScriptBuildPhase section */

/* Begin PBXSourcesBuildPhase section */
		3E0112D614237ED50003B868 /* Sources */ = {
			isa = PBXSourcesBuildPhase;
			buildActionMask = 2147483647;
			files = (
				3E50588F142592F700D2FFB8 /* AppDelegate.m in Sources */,
				3E505892142592F700D2FFB8 /* Config.m in Sources */,
				3E505893142592F700D2FFB8 /* ConfigViewController.m in Sources */,
				3E505894142592F700D2FFB8 /* main.m in Sources */,
				3E505895142592F700D2FFB8 /* MainViewController.m in Sources */,
				3E41984A1426181A00EE2CFA /* InfoViewController.m in Sources */,
				3E72FD8B143DACF80095EF86 /* Location.m in Sources */,
			);
			runOnlyForDeploymentPostprocessing = 0;
		};
		3E0112F614237ED60003B868 /* Sources */ = {
			isa = PBXSourcesBuildPhase;
			buildActionMask = 2147483647;
			files = (
				3E01130A14237ED60003B868 /* ImaKaeruTests.m in Sources */,
			);
			runOnlyForDeploymentPostprocessing = 0;
		};
/* End PBXSourcesBuildPhase section */

/* Begin PBXTargetDependency section */
		3E01130114237ED60003B868 /* PBXTargetDependency */ = {
			isa = PBXTargetDependency;
			target = 3E0112D914237ED50003B868 /* ImaKaeru */;
			targetProxy = 3E01130014237ED60003B868 /* PBXContainerItemProxy */;
		};
/* End PBXTargetDependency section */

/* Begin PBXVariantGroup section */
		3E01130514237ED60003B868 /* InfoPlist.strings */ = {
			isa = PBXVariantGroup;
			children = (
				3E01130614237ED60003B868 /* en */,
			);
			name = InfoPlist.strings;
			sourceTree = "<group>";
		};
		3E1091C4143DBFDC003E5114 /* InfoPlist.strings */ = {
			isa = PBXVariantGroup;
			children = (
				3E1091C5143DBFDC003E5114 /* en */,
				3E1091C7143DBFEA003E5114 /* ja */,
			);
			name = InfoPlist.strings;
			sourceTree = "<group>";
		};
		3E50589F1425939E00D2FFB8 /* Localizable.strings */ = {
			isa = PBXVariantGroup;
			children = (
				3E50589E1425939E00D2FFB8 /* en */,
				3E5058A0142593A800D2FFB8 /* ja */,
			);
			name = Localizable.strings;
			sourceTree = "<group>";
		};
/* End PBXVariantGroup section */

/* Begin XCBuildConfiguration section */
		3E01130B14237ED60003B868 /* Debug */ = {
			isa = XCBuildConfiguration;
			buildSettings = {
				ALWAYS_SEARCH_USER_PATHS = NO;
				CLANG_ENABLE_MODULES = YES;
				CLANG_ENABLE_OBJC_ARC = YES;
				CLANG_WARN_BOOL_CONVERSION = YES;
				CLANG_WARN_CONSTANT_CONVERSION = YES;
				CLANG_WARN_EMPTY_BODY = YES;
				CLANG_WARN_ENUM_CONVERSION = YES;
				CLANG_WARN_INT_CONVERSION = YES;
				CLANG_WARN_UNREACHABLE_CODE = YES;
				CLANG_WARN__DUPLICATE_METHOD_MATCH = YES;
				"CODE_SIGN_IDENTITY[sdk=iphoneos*]" = "iPhone Developer";
				COPY_PHASE_STRIP = NO;
				ENABLE_STRICT_OBJC_MSGSEND = YES;
				ENABLE_TESTABILITY = YES;
				GCC_C_LANGUAGE_STANDARD = "compiler-default";
				GCC_DYNAMIC_NO_PIC = NO;
				GCC_NO_COMMON_BLOCKS = YES;
				GCC_OPTIMIZATION_LEVEL = 0;
				GCC_PREPROCESSOR_DEFINITIONS = (
					"DEBUG=1",
					"$(inherited)",
				);
				GCC_SYMBOLS_PRIVATE_EXTERN = NO;
				GCC_VERSION = "";
				GCC_WARN_64_TO_32_BIT_CONVERSION = YES;
				GCC_WARN_ABOUT_MISSING_PROTOTYPES = YES;
				GCC_WARN_ABOUT_RETURN_TYPE = YES;
				GCC_WARN_UNDECLARED_SELECTOR = YES;
				GCC_WARN_UNINITIALIZED_AUTOS = YES;
				GCC_WARN_UNUSED_FUNCTION = YES;
				GCC_WARN_UNUSED_VARIABLE = YES;
				HEADER_SEARCH_PATHS = "";
				IPHONEOS_DEPLOYMENT_TARGET = 8.0;
				ONLY_ACTIVE_ARCH = YES;
				SDKROOT = iphoneos;
				STRINGS_FILE_OUTPUT_ENCODING = "UTF-8";
			};
			name = Debug;
		};
		3E01130C14237ED60003B868 /* Release */ = {
			isa = XCBuildConfiguration;
			buildSettings = {
				ALWAYS_SEARCH_USER_PATHS = NO;
				CLANG_ENABLE_MODULES = YES;
				CLANG_ENABLE_OBJC_ARC = YES;
				CLANG_WARN_BOOL_CONVERSION = YES;
				CLANG_WARN_CONSTANT_CONVERSION = YES;
				CLANG_WARN_EMPTY_BODY = YES;
				CLANG_WARN_ENUM_CONVERSION = YES;
				CLANG_WARN_INT_CONVERSION = YES;
				CLANG_WARN_UNREACHABLE_CODE = YES;
				CLANG_WARN__DUPLICATE_METHOD_MATCH = YES;
				"CODE_SIGN_IDENTITY[sdk=iphoneos*]" = "";
				COPY_PHASE_STRIP = YES;
				ENABLE_STRICT_OBJC_MSGSEND = YES;
				GCC_C_LANGUAGE_STANDARD = "compiler-default";
				GCC_NO_COMMON_BLOCKS = YES;
				GCC_VERSION = "";
				GCC_WARN_64_TO_32_BIT_CONVERSION = YES;
				GCC_WARN_ABOUT_MISSING_PROTOTYPES = YES;
				GCC_WARN_ABOUT_RETURN_TYPE = YES;
				GCC_WARN_UNDECLARED_SELECTOR = YES;
				GCC_WARN_UNINITIALIZED_AUTOS = YES;
				GCC_WARN_UNUSED_FUNCTION = YES;
				GCC_WARN_UNUSED_VARIABLE = YES;
				HEADER_SEARCH_PATHS = "";
				IPHONEOS_DEPLOYMENT_TARGET = 8.0;
				OTHER_CFLAGS = "-DNS_BLOCK_ASSERTIONS=1";
				"PROVISIONING_PROFILE[sdk=iphoneos*]" = "87b1c9b1-bb38-4d33-a828-cae538c565c1";
				SDKROOT = iphoneos;
				STRINGS_FILE_OUTPUT_ENCODING = "UTF-8";
				VALIDATE_PRODUCT = YES;
			};
			name = Release;
		};
		3E01130E14237ED60003B868 /* Debug */ = {
			isa = XCBuildConfiguration;
			baseConfigurationReference = DBD26E32AD2D5D1180C63D61 /* Pods-ImaKaeru.debug.xcconfig */;
			buildSettings = {
				ASSETCATALOG_COMPILER_APPICON_NAME = AppIcon;
				CODE_SIGN_IDENTITY = "iPhone Developer";
				FRAMEWORK_SEARCH_PATHS = (
					"$(inherited)",
					"$(PROJECT_DIR)",
				);
				GCC_PRECOMPILE_PREFIX_HEADER = YES;
				GCC_PREFIX_HEADER = "ImaKaeru/ImaKaeru-Prefix.pch";
				INFOPLIST_FILE = "ImaKaeru/ImaKaeru-Info.plist";
				IPHONEOS_DEPLOYMENT_TARGET = 8.0;
				LIBRARY_SEARCH_PATHS = "$(inherited)";
				PRODUCT_BUNDLE_IDENTIFIER = "org.tmurakam.${PRODUCT_NAME:rfc1034identifier}";
				PRODUCT_NAME = "$(TARGET_NAME)";
				WRAPPER_EXTENSION = app;
			};
			name = Debug;
		};
		3E01130F14237ED60003B868 /* Release */ = {
			isa = XCBuildConfiguration;
			baseConfigurationReference = 46EB5A93377433996AA36C22 /* Pods-ImaKaeru.release.xcconfig */;
			buildSettings = {
				ASSETCATALOG_COMPILER_APPICON_NAME = AppIcon;
				CODE_SIGN_IDENTITY = "iPhone Distribution";
				FRAMEWORK_SEARCH_PATHS = (
					"$(inherited)",
					"$(PROJECT_DIR)",
				);
				GCC_PRECOMPILE_PREFIX_HEADER = YES;
				GCC_PREFIX_HEADER = "ImaKaeru/ImaKaeru-Prefix.pch";
				INFOPLIST_FILE = "ImaKaeru/ImaKaeru-Info.plist";
				IPHONEOS_DEPLOYMENT_TARGET = 8.0;
				LIBRARY_SEARCH_PATHS = "$(inherited)";
				PRODUCT_BUNDLE_IDENTIFIER = "org.tmurakam.${PRODUCT_NAME:rfc1034identifier}";
				PRODUCT_NAME = "$(TARGET_NAME)";
				WRAPPER_EXTENSION = app;
			};
			name = Release;
		};
		3E01131114237ED60003B868 /* Debug */ = {
			isa = XCBuildConfiguration;
			baseConfigurationReference = A0A812474FC467C6E5531FF8 /* Pods-ImaKaeruTests.debug.xcconfig */;
			buildSettings = {
				BUNDLE_LOADER = "$(BUILT_PRODUCTS_DIR)/ImaKaeru.app/ImaKaeru";
				FRAMEWORK_SEARCH_PATHS = (
					"$(SDKROOT)/Developer/Library/Frameworks",
					"$(inherited)",
				);
				GCC_PRECOMPILE_PREFIX_HEADER = YES;
				GCC_PREFIX_HEADER = "ImaKaeru/ImaKaeru-Prefix.pch";
				INFOPLIST_FILE = "ImaKaeruTests/ImaKaeruTests-Info.plist";
				PRODUCT_BUNDLE_IDENTIFIER = "org.tmurakam.${PRODUCT_NAME:rfc1034identifier}";
				PRODUCT_NAME = "$(TARGET_NAME)";
				TEST_HOST = "$(BUNDLE_LOADER)";
			};
			name = Debug;
		};
		3E01131214237ED60003B868 /* Release */ = {
			isa = XCBuildConfiguration;
			baseConfigurationReference = 9EB763AC0624ADBC924B94EA /* Pods-ImaKaeruTests.release.xcconfig */;
			buildSettings = {
				BUNDLE_LOADER = "$(BUILT_PRODUCTS_DIR)/ImaKaeru.app/ImaKaeru";
				FRAMEWORK_SEARCH_PATHS = (
					"$(SDKROOT)/Developer/Library/Frameworks",
					"$(inherited)",
				);
				GCC_PRECOMPILE_PREFIX_HEADER = YES;
				GCC_PREFIX_HEADER = "ImaKaeru/ImaKaeru-Prefix.pch";
				INFOPLIST_FILE = "ImaKaeruTests/ImaKaeruTests-Info.plist";
				PRODUCT_BUNDLE_IDENTIFIER = "org.tmurakam.${PRODUCT_NAME:rfc1034identifier}";
				PRODUCT_NAME = "$(TARGET_NAME)";
				TEST_HOST = "$(BUNDLE_LOADER)";
			};
			name = Release;
		};
/* End XCBuildConfiguration section */

/* Begin XCConfigurationList section */
		3E0112D414237ED50003B868 /* Build configuration list for PBXProject "ImaKaeru" */ = {
			isa = XCConfigurationList;
			buildConfigurations = (
				3E01130B14237ED60003B868 /* Debug */,
				3E01130C14237ED60003B868 /* Release */,
			);
			defaultConfigurationIsVisible = 0;
			defaultConfigurationName = Release;
		};
		3E01130D14237ED60003B868 /* Build configuration list for PBXNativeTarget "ImaKaeru" */ = {
			isa = XCConfigurationList;
			buildConfigurations = (
				3E01130E14237ED60003B868 /* Debug */,
				3E01130F14237ED60003B868 /* Release */,
			);
			defaultConfigurationIsVisible = 0;
			defaultConfigurationName = Release;
		};
		3E01131014237ED60003B868 /* Build configuration list for PBXNativeTarget "ImaKaeruTests" */ = {
			isa = XCConfigurationList;
			buildConfigurations = (
				3E01131114237ED60003B868 /* Debug */,
				3E01131214237ED60003B868 /* Release */,
			);
			defaultConfigurationIsVisible = 0;
			defaultConfigurationName = Release;
		};
/* End XCConfigurationList section */
	};
	rootObject = 3E0112D114237ED50003B868 /* Project object */;
}
